// !$*UTF8*$!
{
	archiveVersion = 1;
	classes = {
	};
	objectVersion = 50;
	objects = {

/* Begin PBXBuildFile section */
		0C279C5124E2D22F00474649 /* ZJBaseUtils.framework in Frameworks */ = {isa = PBXBuildFile; fileRef = 0C279C4724E2D22E00474649 /* ZJBaseUtils.framework */; };
		0C279C5624E2D22F00474649 /* ZJBaseUtilsTests.m in Sources */ = {isa = PBXBuildFile; fileRef = 0C279C5524E2D22F00474649 /* ZJBaseUtilsTests.m */; };
		0C279C5824E2D22F00474649 /* ZJBaseUtils.h in Headers */ = {isa = PBXBuildFile; fileRef = 0C279C4A24E2D22E00474649 /* ZJBaseUtils.h */; settings = {ATTRIBUTES = (Public, ); }; };
		0C95691C24E2D8FB00C9A6C5 /* ZJSAMKeychain.h in Headers */ = {isa = PBXBuildFile; fileRef = 0C95691A24E2D8FB00C9A6C5 /* ZJSAMKeychain.h */; };
		0C95691D24E2D8FB00C9A6C5 /* ZJSAMKeychain.m in Sources */ = {isa = PBXBuildFile; fileRef = 0C95691B24E2D8FB00C9A6C5 /* ZJSAMKeychain.m */; };
		0C95696D24E2D96A00C9A6C5 /* ZJSingleton.h in Headers */ = {isa = PBXBuildFile; fileRef = 0C95693224E2D96900C9A6C5 /* ZJSingleton.h */; };
		0C95697024E2D96A00C9A6C5 /* NSDate+ZJExt.h in Headers */ = {isa = PBXBuildFile; fileRef = 0C95693724E2D96900C9A6C5 /* NSDate+ZJExt.h */; };
		0C95697124E2D96A00C9A6C5 /* NSDate+ZJExt.m in Sources */ = {isa = PBXBuildFile; fileRef = 0C95693824E2D96900C9A6C5 /* NSDate+ZJExt.m */; };
		0C95697224E2D96A00C9A6C5 /* NSArray+ZJExt.m in Sources */ = {isa = PBXBuildFile; fileRef = 0C95693A24E2D96900C9A6C5 /* NSArray+ZJExt.m */; };
		0C95697324E2D96A00C9A6C5 /* NSArray+ZJExt.h in Headers */ = {isa = PBXBuildFile; fileRef = 0C95693B24E2D96900C9A6C5 /* NSArray+ZJExt.h */; };
		0C95698624E2D96A00C9A6C5 /* ZJUtilsDef.h in Headers */ = {isa = PBXBuildFile; fileRef = 0C95695224E2D96900C9A6C5 /* ZJUtilsDef.h */; };
		0C95699224E2EF1000C9A6C5 /* NSFileManager+ZJExt.h in Headers */ = {isa = PBXBuildFile; fileRef = 0C95699024E2EF1000C9A6C5 /* NSFileManager+ZJExt.h */; };
		0C95699324E2EF1000C9A6C5 /* NSFileManager+ZJExt.m in Sources */ = {isa = PBXBuildFile; fileRef = 0C95699124E2EF1000C9A6C5 /* NSFileManager+ZJExt.m */; };
		0C95699724E4257D00C9A6C5 /* NSObject+ZJExt.h in Headers */ = {isa = PBXBuildFile; fileRef = 0C95699524E4257D00C9A6C5 /* NSObject+ZJExt.h */; };
		0C95699824E4257D00C9A6C5 /* NSObject+ZJExt.m in Sources */ = {isa = PBXBuildFile; fileRef = 0C95699624E4257D00C9A6C5 /* NSObject+ZJExt.m */; };
		0C95699C24E42F4100C9A6C5 /* NSString+ZJExt.h in Headers */ = {isa = PBXBuildFile; fileRef = 0C95699A24E42F4100C9A6C5 /* NSString+ZJExt.h */; };
		0C95699D24E42F4100C9A6C5 /* NSString+ZJExt.m in Sources */ = {isa = PBXBuildFile; fileRef = 0C95699B24E42F4100C9A6C5 /* NSString+ZJExt.m */; };
		0C9569A124E4326D00C9A6C5 /* NSData+ZJExt.h in Headers */ = {isa = PBXBuildFile; fileRef = 0C95699F24E4326D00C9A6C5 /* NSData+ZJExt.h */; };
		0C9569A224E4326D00C9A6C5 /* NSData+ZJExt.m in Sources */ = {isa = PBXBuildFile; fileRef = 0C9569A024E4326D00C9A6C5 /* NSData+ZJExt.m */; };
		0CCF759724E8E71000794878 /* NSString+ZJSHA.h in Headers */ = {isa = PBXBuildFile; fileRef = 0CCF759524E8E71000794878 /* NSString+ZJSHA.h */; };
		0CCF759824E8E71000794878 /* NSString+ZJSHA.m in Sources */ = {isa = PBXBuildFile; fileRef = 0CCF759624E8E71000794878 /* NSString+ZJSHA.m */; };
		0CCF759B24E8E8C000794878 /* NSString+ZJRSA.h in Headers */ = {isa = PBXBuildFile; fileRef = 0CCF759924E8E8C000794878 /* NSString+ZJRSA.h */; };
		0CCF759C24E8E8C000794878 /* NSString+ZJRSA.m in Sources */ = {isa = PBXBuildFile; fileRef = 0CCF759A24E8E8C000794878 /* NSString+ZJRSA.m */; };
		0CCF759F24E8EA1700794878 /* NSData+ZJRSA.h in Headers */ = {isa = PBXBuildFile; fileRef = 0CCF759D24E8EA1700794878 /* NSData+ZJRSA.h */; };
		0CCF75A024E8EA1700794878 /* NSData+ZJRSA.m in Sources */ = {isa = PBXBuildFile; fileRef = 0CCF759E24E8EA1700794878 /* NSData+ZJRSA.m */; };
		0CCF75A324E9171400794878 /* NSData+ZJAESDES.h in Headers */ = {isa = PBXBuildFile; fileRef = 0CCF75A124E9171400794878 /* NSData+ZJAESDES.h */; };
		0CCF75A424E9171400794878 /* NSData+ZJAESDES.m in Sources */ = {isa = PBXBuildFile; fileRef = 0CCF75A224E9171400794878 /* NSData+ZJAESDES.m */; };
		0CCF75A724E91C3600794878 /* NSString+ZJAESDES.h in Headers */ = {isa = PBXBuildFile; fileRef = 0CCF75A524E91C3600794878 /* NSString+ZJAESDES.h */; };
		0CCF75A824E91C3600794878 /* NSString+ZJAESDES.m in Sources */ = {isa = PBXBuildFile; fileRef = 0CCF75A624E91C3600794878 /* NSString+ZJAESDES.m */; };
		0CCF75AB24E91F7000794878 /* NSString+ZJMD5.h in Headers */ = {isa = PBXBuildFile; fileRef = 0CCF75A924E91F7000794878 /* NSString+ZJMD5.h */; };
		0CCF75AC24E91F7000794878 /* NSString+ZJMD5.m in Sources */ = {isa = PBXBuildFile; fileRef = 0CCF75AA24E91F7000794878 /* NSString+ZJMD5.m */; };
		0CCF75AF24E9221300794878 /* NSString+ZJJSON.h in Headers */ = {isa = PBXBuildFile; fileRef = 0CCF75AD24E9221300794878 /* NSString+ZJJSON.h */; };
		0CCF75B024E9221300794878 /* NSString+ZJJSON.m in Sources */ = {isa = PBXBuildFile; fileRef = 0CCF75AE24E9221300794878 /* NSString+ZJJSON.m */; };
		0CCF75B424E9232700794878 /* NSDictionary+ZJExt.h in Headers */ = {isa = PBXBuildFile; fileRef = 0CCF75B224E9232700794878 /* NSDictionary+ZJExt.h */; };
		0CCF75B524E9232700794878 /* NSDictionary+ZJExt.m in Sources */ = {isa = PBXBuildFile; fileRef = 0CCF75B324E9232700794878 /* NSDictionary+ZJExt.m */; };
		0CCF75B924E9238D00794878 /* NSThread+ZJExt.h in Headers */ = {isa = PBXBuildFile; fileRef = 0CCF75B724E9238D00794878 /* NSThread+ZJExt.h */; };
		0CCF75BA24E9238D00794878 /* NSThread+ZJExt.m in Sources */ = {isa = PBXBuildFile; fileRef = 0CCF75B824E9238D00794878 /* NSThread+ZJExt.m */; };
		0CCF75BE24E9285A00794878 /* UIColor+ZJExt.h in Headers */ = {isa = PBXBuildFile; fileRef = 0CCF75BC24E9285A00794878 /* UIColor+ZJExt.h */; };
		0CCF75BF24E9285A00794878 /* UIColor+ZJExt.m in Sources */ = {isa = PBXBuildFile; fileRef = 0CCF75BD24E9285A00794878 /* UIColor+ZJExt.m */; };
/* End PBXBuildFile section */

/* Begin PBXContainerItemProxy section */
		0C279C5224E2D22F00474649 /* PBXContainerItemProxy */ = {
			isa = PBXContainerItemProxy;
			containerPortal = 0C279C3E24E2D22E00474649 /* Project object */;
			proxyType = 1;
			remoteGlobalIDString = 0C279C4624E2D22E00474649;
			remoteInfo = ZJBaseUtils;
		};
/* End PBXContainerItemProxy section */

/* Begin PBXFileReference section */
		0C279C4724E2D22E00474649 /* ZJBaseUtils.framework */ = {isa = PBXFileReference; explicitFileType = wrapper.framework; includeInIndex = 0; path = ZJBaseUtils.framework; sourceTree = BUILT_PRODUCTS_DIR; };
		0C279C4A24E2D22E00474649 /* ZJBaseUtils.h */ = {isa = PBXFileReference; lastKnownFileType = sourcecode.c.h; path = ZJBaseUtils.h; sourceTree = "<group>"; };
		0C279C4B24E2D22E00474649 /* Info.plist */ = {isa = PBXFileReference; lastKnownFileType = text.plist.xml; path = Info.plist; sourceTree = "<group>"; };
		0C279C5024E2D22F00474649 /* ZJBaseUtilsTests.xctest */ = {isa = PBXFileReference; explicitFileType = wrapper.cfbundle; includeInIndex = 0; path = ZJBaseUtilsTests.xctest; sourceTree = BUILT_PRODUCTS_DIR; };
		0C279C5524E2D22F00474649 /* ZJBaseUtilsTests.m */ = {isa = PBXFileReference; lastKnownFileType = sourcecode.c.objc; path = ZJBaseUtilsTests.m; sourceTree = "<group>"; };
		0C279C5724E2D22F00474649 /* Info.plist */ = {isa = PBXFileReference; lastKnownFileType = text.plist.xml; path = Info.plist; sourceTree = "<group>"; };
		0C95691A24E2D8FB00C9A6C5 /* ZJSAMKeychain.h */ = {isa = PBXFileReference; fileEncoding = 4; lastKnownFileType = sourcecode.c.h; path = ZJSAMKeychain.h; sourceTree = "<group>"; };
		0C95691B24E2D8FB00C9A6C5 /* ZJSAMKeychain.m */ = {isa = PBXFileReference; fileEncoding = 4; lastKnownFileType = sourcecode.c.objc; path = ZJSAMKeychain.m; sourceTree = "<group>"; };
		0C95693224E2D96900C9A6C5 /* ZJSingleton.h */ = {isa = PBXFileReference; fileEncoding = 4; lastKnownFileType = sourcecode.c.h; path = ZJSingleton.h; sourceTree = "<group>"; };
		0C95693724E2D96900C9A6C5 /* NSDate+ZJExt.h */ = {isa = PBXFileReference; fileEncoding = 4; lastKnownFileType = sourcecode.c.h; path = "NSDate+ZJExt.h"; sourceTree = "<group>"; };
		0C95693824E2D96900C9A6C5 /* NSDate+ZJExt.m */ = {isa = PBXFileReference; fileEncoding = 4; lastKnownFileType = sourcecode.c.objc; path = "NSDate+ZJExt.m"; sourceTree = "<group>"; };
		0C95693A24E2D96900C9A6C5 /* NSArray+ZJExt.m */ = {isa = PBXFileReference; fileEncoding = 4; lastKnownFileType = sourcecode.c.objc; path = "NSArray+ZJExt.m"; sourceTree = "<group>"; };
		0C95693B24E2D96900C9A6C5 /* NSArray+ZJExt.h */ = {isa = PBXFileReference; fileEncoding = 4; lastKnownFileType = sourcecode.c.h; path = "NSArray+ZJExt.h"; sourceTree = "<group>"; };
		0C95695224E2D96900C9A6C5 /* ZJUtilsDef.h */ = {isa = PBXFileReference; fileEncoding = 4; lastKnownFileType = sourcecode.c.h; path = ZJUtilsDef.h; sourceTree = "<group>"; };
		0C95699024E2EF1000C9A6C5 /* NSFileManager+ZJExt.h */ = {isa = PBXFileReference; lastKnownFileType = sourcecode.c.h; path = "NSFileManager+ZJExt.h"; sourceTree = "<group>"; };
		0C95699124E2EF1000C9A6C5 /* NSFileManager+ZJExt.m */ = {isa = PBXFileReference; lastKnownFileType = sourcecode.c.objc; path = "NSFileManager+ZJExt.m"; sourceTree = "<group>"; };
		0C95699524E4257D00C9A6C5 /* NSObject+ZJExt.h */ = {isa = PBXFileReference; lastKnownFileType = sourcecode.c.h; path = "NSObject+ZJExt.h"; sourceTree = "<group>"; };
		0C95699624E4257D00C9A6C5 /* NSObject+ZJExt.m */ = {isa = PBXFileReference; lastKnownFileType = sourcecode.c.objc; path = "NSObject+ZJExt.m"; sourceTree = "<group>"; };
		0C95699A24E42F4100C9A6C5 /* NSString+ZJExt.h */ = {isa = PBXFileReference; lastKnownFileType = sourcecode.c.h; path = "NSString+ZJExt.h"; sourceTree = "<group>"; };
		0C95699B24E42F4100C9A6C5 /* NSString+ZJExt.m */ = {isa = PBXFileReference; lastKnownFileType = sourcecode.c.objc; path = "NSString+ZJExt.m"; sourceTree = "<group>"; };
		0C95699F24E4326D00C9A6C5 /* NSData+ZJExt.h */ = {isa = PBXFileReference; lastKnownFileType = sourcecode.c.h; path = "NSData+ZJExt.h"; sourceTree = "<group>"; };
		0C9569A024E4326D00C9A6C5 /* NSData+ZJExt.m */ = {isa = PBXFileReference; lastKnownFileType = sourcecode.c.objc; path = "NSData+ZJExt.m"; sourceTree = "<group>"; };
		0CCF759524E8E71000794878 /* NSString+ZJSHA.h */ = {isa = PBXFileReference; lastKnownFileType = sourcecode.c.h; path = "NSString+ZJSHA.h"; sourceTree = "<group>"; };
		0CCF759624E8E71000794878 /* NSString+ZJSHA.m */ = {isa = PBXFileReference; lastKnownFileType = sourcecode.c.objc; path = "NSString+ZJSHA.m"; sourceTree = "<group>"; };
		0CCF759924E8E8C000794878 /* NSString+ZJRSA.h */ = {isa = PBXFileReference; lastKnownFileType = sourcecode.c.h; path = "NSString+ZJRSA.h"; sourceTree = "<group>"; };
		0CCF759A24E8E8C000794878 /* NSString+ZJRSA.m */ = {isa = PBXFileReference; lastKnownFileType = sourcecode.c.objc; path = "NSString+ZJRSA.m"; sourceTree = "<group>"; };
		0CCF759D24E8EA1700794878 /* NSData+ZJRSA.h */ = {isa = PBXFileReference; lastKnownFileType = sourcecode.c.h; path = "NSData+ZJRSA.h"; sourceTree = "<group>"; };
		0CCF759E24E8EA1700794878 /* NSData+ZJRSA.m */ = {isa = PBXFileReference; lastKnownFileType = sourcecode.c.objc; path = "NSData+ZJRSA.m"; sourceTree = "<group>"; };
		0CCF75A124E9171400794878 /* NSData+ZJAESDES.h */ = {isa = PBXFileReference; lastKnownFileType = sourcecode.c.h; path = "NSData+ZJAESDES.h"; sourceTree = "<group>"; };
		0CCF75A224E9171400794878 /* NSData+ZJAESDES.m */ = {isa = PBXFileReference; lastKnownFileType = sourcecode.c.objc; path = "NSData+ZJAESDES.m"; sourceTree = "<group>"; };
		0CCF75A524E91C3600794878 /* NSString+ZJAESDES.h */ = {isa = PBXFileReference; lastKnownFileType = sourcecode.c.h; path = "NSString+ZJAESDES.h"; sourceTree = "<group>"; };
		0CCF75A624E91C3600794878 /* NSString+ZJAESDES.m */ = {isa = PBXFileReference; lastKnownFileType = sourcecode.c.objc; path = "NSString+ZJAESDES.m"; sourceTree = "<group>"; };
		0CCF75A924E91F7000794878 /* NSString+ZJMD5.h */ = {isa = PBXFileReference; lastKnownFileType = sourcecode.c.h; path = "NSString+ZJMD5.h"; sourceTree = "<group>"; };
		0CCF75AA24E91F7000794878 /* NSString+ZJMD5.m */ = {isa = PBXFileReference; lastKnownFileType = sourcecode.c.objc; path = "NSString+ZJMD5.m"; sourceTree = "<group>"; };
		0CCF75AD24E9221300794878 /* NSString+ZJJSON.h */ = {isa = PBXFileReference; lastKnownFileType = sourcecode.c.h; path = "NSString+ZJJSON.h"; sourceTree = "<group>"; };
		0CCF75AE24E9221300794878 /* NSString+ZJJSON.m */ = {isa = PBXFileReference; lastKnownFileType = sourcecode.c.objc; path = "NSString+ZJJSON.m"; sourceTree = "<group>"; };
		0CCF75B224E9232700794878 /* NSDictionary+ZJExt.h */ = {isa = PBXFileReference; lastKnownFileType = sourcecode.c.h; path = "NSDictionary+ZJExt.h"; sourceTree = "<group>"; };
		0CCF75B324E9232700794878 /* NSDictionary+ZJExt.m */ = {isa = PBXFileReference; lastKnownFileType = sourcecode.c.objc; path = "NSDictionary+ZJExt.m"; sourceTree = "<group>"; };
		0CCF75B724E9238D00794878 /* NSThread+ZJExt.h */ = {isa = PBXFileReference; lastKnownFileType = sourcecode.c.h; path = "NSThread+ZJExt.h"; sourceTree = "<group>"; };
		0CCF75B824E9238D00794878 /* NSThread+ZJExt.m */ = {isa = PBXFileReference; lastKnownFileType = sourcecode.c.objc; path = "NSThread+ZJExt.m"; sourceTree = "<group>"; };
		0CCF75BC24E9285A00794878 /* UIColor+ZJExt.h */ = {isa = PBXFileReference; lastKnownFileType = sourcecode.c.h; path = "UIColor+ZJExt.h"; sourceTree = "<group>"; };
		0CCF75BD24E9285A00794878 /* UIColor+ZJExt.m */ = {isa = PBXFileReference; lastKnownFileType = sourcecode.c.objc; path = "UIColor+ZJExt.m"; sourceTree = "<group>"; };
/* End PBXFileReference section */

/* Begin PBXFrameworksBuildPhase section */
		0C279C4424E2D22E00474649 /* Frameworks */ = {
			isa = PBXFrameworksBuildPhase;
			buildActionMask = 2147483647;
			files = (
			);
			runOnlyForDeploymentPostprocessing = 0;
		};
		0C279C4D24E2D22F00474649 /* Frameworks */ = {
			isa = PBXFrameworksBuildPhase;
			buildActionMask = 2147483647;
			files = (
				0C279C5124E2D22F00474649 /* ZJBaseUtils.framework in Frameworks */,
			);
			runOnlyForDeploymentPostprocessing = 0;
		};
/* End PBXFrameworksBuildPhase section */

/* Begin PBXGroup section */
		0C279C3D24E2D22E00474649 = {
			isa = PBXGroup;
			children = (
				0C279C4924E2D22E00474649 /* ZJBaseUtils */,
				0C279C5424E2D22F00474649 /* ZJBaseUtilsTests */,
				0C279C4824E2D22E00474649 /* Products */,
			);
			sourceTree = "<group>";
		};
		0C279C4824E2D22E00474649 /* Products */ = {
			isa = PBXGroup;
			children = (
				0C279C4724E2D22E00474649 /* ZJBaseUtils.framework */,
				0C279C5024E2D22F00474649 /* ZJBaseUtilsTests.xctest */,
			);
			name = Products;
			sourceTree = "<group>";
		};
		0C279C4924E2D22E00474649 /* ZJBaseUtils */ = {
			isa = PBXGroup;
			children = (
				0CCF75BB24E9284500794878 /* UIColor */,
				0CCF75B624E9237A00794878 /* NSThread */,
				0CCF75B124E9231700794878 /* NSDictionary */,
				0C95699E24E4325500C9A6C5 /* NSData */,
				0C95699924E42F2A00C9A6C5 /* NSString */,
				0C95699424E4256800C9A6C5 /* NSObject */,
				0C95698F24E2EED300C9A6C5 /* NSFileManager */,
				0C95693224E2D96900C9A6C5 /* ZJSingleton.h */,
				0C95695224E2D96900C9A6C5 /* ZJUtilsDef.h */,
				0C95693924E2D96900C9A6C5 /* NSArray */,
				0C95693624E2D96900C9A6C5 /* NSDate */,
				0C95691924E2D8FB00C9A6C5 /* SSKeychain */,
				0C279C4A24E2D22E00474649 /* ZJBaseUtils.h */,
				0C279C4B24E2D22E00474649 /* Info.plist */,
			);
			path = ZJBaseUtils;
			sourceTree = "<group>";
		};
		0C279C5424E2D22F00474649 /* ZJBaseUtilsTests */ = {
			isa = PBXGroup;
			children = (
				0C279C5524E2D22F00474649 /* ZJBaseUtilsTests.m */,
				0C279C5724E2D22F00474649 /* Info.plist */,
			);
			path = ZJBaseUtilsTests;
			sourceTree = "<group>";
		};
		0C95691924E2D8FB00C9A6C5 /* SSKeychain */ = {
			isa = PBXGroup;
			children = (
				0C95691A24E2D8FB00C9A6C5 /* ZJSAMKeychain.h */,
				0C95691B24E2D8FB00C9A6C5 /* ZJSAMKeychain.m */,
			);
			path = SSKeychain;
			sourceTree = "<group>";
		};
		0C95693624E2D96900C9A6C5 /* NSDate */ = {
			isa = PBXGroup;
			children = (
				0C95693724E2D96900C9A6C5 /* NSDate+ZJExt.h */,
				0C95693824E2D96900C9A6C5 /* NSDate+ZJExt.m */,
			);
			path = NSDate;
			sourceTree = "<group>";
		};
		0C95693924E2D96900C9A6C5 /* NSArray */ = {
			isa = PBXGroup;
			children = (
				0C95693B24E2D96900C9A6C5 /* NSArray+ZJExt.h */,
				0C95693A24E2D96900C9A6C5 /* NSArray+ZJExt.m */,
			);
			path = NSArray;
			sourceTree = "<group>";
		};
		0C95698F24E2EED300C9A6C5 /* NSFileManager */ = {
			isa = PBXGroup;
			children = (
				0C95699024E2EF1000C9A6C5 /* NSFileManager+ZJExt.h */,
				0C95699124E2EF1000C9A6C5 /* NSFileManager+ZJExt.m */,
			);
			path = NSFileManager;
			sourceTree = "<group>";
		};
		0C95699424E4256800C9A6C5 /* NSObject */ = {
			isa = PBXGroup;
			children = (
				0C95699524E4257D00C9A6C5 /* NSObject+ZJExt.h */,
				0C95699624E4257D00C9A6C5 /* NSObject+ZJExt.m */,
			);
			path = NSObject;
			sourceTree = "<group>";
		};
		0C95699924E42F2A00C9A6C5 /* NSString */ = {
			isa = PBXGroup;
			children = (
				0C95699A24E42F4100C9A6C5 /* NSString+ZJExt.h */,
				0C95699B24E42F4100C9A6C5 /* NSString+ZJExt.m */,
				0CCF759524E8E71000794878 /* NSString+ZJSHA.h */,
				0CCF759624E8E71000794878 /* NSString+ZJSHA.m */,
				0CCF759924E8E8C000794878 /* NSString+ZJRSA.h */,
				0CCF759A24E8E8C000794878 /* NSString+ZJRSA.m */,
				0CCF75A524E91C3600794878 /* NSString+ZJAESDES.h */,
				0CCF75A624E91C3600794878 /* NSString+ZJAESDES.m */,
				0CCF75A924E91F7000794878 /* NSString+ZJMD5.h */,
				0CCF75AA24E91F7000794878 /* NSString+ZJMD5.m */,
				0CCF75AD24E9221300794878 /* NSString+ZJJSON.h */,
				0CCF75AE24E9221300794878 /* NSString+ZJJSON.m */,
			);
			path = NSString;
			sourceTree = "<group>";
		};
		0C95699E24E4325500C9A6C5 /* NSData */ = {
			isa = PBXGroup;
			children = (
				0C95699F24E4326D00C9A6C5 /* NSData+ZJExt.h */,
				0C9569A024E4326D00C9A6C5 /* NSData+ZJExt.m */,
				0CCF759D24E8EA1700794878 /* NSData+ZJRSA.h */,
				0CCF759E24E8EA1700794878 /* NSData+ZJRSA.m */,
				0CCF75A124E9171400794878 /* NSData+ZJAESDES.h */,
				0CCF75A224E9171400794878 /* NSData+ZJAESDES.m */,
			);
			path = NSData;
			sourceTree = "<group>";
		};
		0CCF75B124E9231700794878 /* NSDictionary */ = {
			isa = PBXGroup;
			children = (
				0CCF75B224E9232700794878 /* NSDictionary+ZJExt.h */,
				0CCF75B324E9232700794878 /* NSDictionary+ZJExt.m */,
			);
			path = NSDictionary;
			sourceTree = "<group>";
		};
		0CCF75B624E9237A00794878 /* NSThread */ = {
			isa = PBXGroup;
			children = (
				0CCF75B724E9238D00794878 /* NSThread+ZJExt.h */,
				0CCF75B824E9238D00794878 /* NSThread+ZJExt.m */,
			);
			path = NSThread;
			sourceTree = "<group>";
		};
		0CCF75BB24E9284500794878 /* UIColor */ = {
			isa = PBXGroup;
			children = (
				0CCF75BC24E9285A00794878 /* UIColor+ZJExt.h */,
				0CCF75BD24E9285A00794878 /* UIColor+ZJExt.m */,
			);
			path = UIColor;
			sourceTree = "<group>";
		};
/* End PBXGroup section */

/* Begin PBXHeadersBuildPhase section */
		0C279C4224E2D22E00474649 /* Headers */ = {
			isa = PBXHeadersBuildPhase;
			buildActionMask = 2147483647;
			files = (
				0CCF759724E8E71000794878 /* NSString+ZJSHA.h in Headers */,
				0CCF759F24E8EA1700794878 /* NSData+ZJRSA.h in Headers */,
				0CCF75A324E9171400794878 /* NSData+ZJAESDES.h in Headers */,
				0CCF75AB24E91F7000794878 /* NSString+ZJMD5.h in Headers */,
				0C95691C24E2D8FB00C9A6C5 /* ZJSAMKeychain.h in Headers */,
				0C95696D24E2D96A00C9A6C5 /* ZJSingleton.h in Headers */,
				0C95697324E2D96A00C9A6C5 /* NSArray+ZJExt.h in Headers */,
				0C279C5824E2D22F00474649 /* ZJBaseUtils.h in Headers */,
				0CCF75AF24E9221300794878 /* NSString+ZJJSON.h in Headers */,
				0C95699224E2EF1000C9A6C5 /* NSFileManager+ZJExt.h in Headers */,
				0C9569A124E4326D00C9A6C5 /* NSData+ZJExt.h in Headers */,
				0CCF759B24E8E8C000794878 /* NSString+ZJRSA.h in Headers */,
				0CCF75B924E9238D00794878 /* NSThread+ZJExt.h in Headers */,
				0C95699C24E42F4100C9A6C5 /* NSString+ZJExt.h in Headers */,
				0CCF75B424E9232700794878 /* NSDictionary+ZJExt.h in Headers */,
				0C95698624E2D96A00C9A6C5 /* ZJUtilsDef.h in Headers */,
				0C95699724E4257D00C9A6C5 /* NSObject+ZJExt.h in Headers */,
				0C95697024E2D96A00C9A6C5 /* NSDate+ZJExt.h in Headers */,
				0CCF75BE24E9285A00794878 /* UIColor+ZJExt.h in Headers */,
				0CCF75A724E91C3600794878 /* NSString+ZJAESDES.h in Headers */,
			);
			runOnlyForDeploymentPostprocessing = 0;
		};
/* End PBXHeadersBuildPhase section */

/* Begin PBXNativeTarget section */
		0C279C4624E2D22E00474649 /* ZJBaseUtils */ = {
			isa = PBXNativeTarget;
			buildConfigurationList = 0C279C5B24E2D22F00474649 /* Build configuration list for PBXNativeTarget "ZJBaseUtils" */;
			buildPhases = (
				0C279C4224E2D22E00474649 /* Headers */,
				0C279C4324E2D22E00474649 /* Sources */,
				0C279C4424E2D22E00474649 /* Frameworks */,
				0C279C4524E2D22E00474649 /* Resources */,
			);
			buildRules = (
			);
			dependencies = (
			);
			name = ZJBaseUtils;
			productName = ZJBaseUtils;
			productReference = 0C279C4724E2D22E00474649 /* ZJBaseUtils.framework */;
			productType = "com.apple.product-type.framework";
		};
		0C279C4F24E2D22F00474649 /* ZJBaseUtilsTests */ = {
			isa = PBXNativeTarget;
			buildConfigurationList = 0C279C5E24E2D22F00474649 /* Build configuration list for PBXNativeTarget "ZJBaseUtilsTests" */;
			buildPhases = (
				0C279C4C24E2D22F00474649 /* Sources */,
				0C279C4D24E2D22F00474649 /* Frameworks */,
				0C279C4E24E2D22F00474649 /* Resources */,
			);
			buildRules = (
			);
			dependencies = (
				0C279C5324E2D22F00474649 /* PBXTargetDependency */,
			);
			name = ZJBaseUtilsTests;
			productName = ZJBaseUtilsTests;
			productReference = 0C279C5024E2D22F00474649 /* ZJBaseUtilsTests.xctest */;
			productType = "com.apple.product-type.bundle.unit-test";
		};
/* End PBXNativeTarget section */

/* Begin PBXProject section */
		0C279C3E24E2D22E00474649 /* Project object */ = {
			isa = PBXProject;
			attributes = {
				CLASSPREFIX = ZJ;
				LastUpgradeCheck = 1160;
				ORGANIZATIONNAME = "ZJ<lizhijian_21@163.com>";
				TargetAttributes = {
					0C279C4624E2D22E00474649 = {
						CreatedOnToolsVersion = 11.6;
					};
					0C279C4F24E2D22F00474649 = {
						CreatedOnToolsVersion = 11.6;
					};
				};
			};
			buildConfigurationList = 0C279C4124E2D22E00474649 /* Build configuration list for PBXProject "ZJBaseUtils" */;
			compatibilityVersion = "Xcode 9.3";
			developmentRegion = en;
			hasScannedForEncodings = 0;
			knownRegions = (
				en,
				Base,
			);
			mainGroup = 0C279C3D24E2D22E00474649;
			productRefGroup = 0C279C4824E2D22E00474649 /* Products */;
			projectDirPath = "";
			projectRoot = "";
			targets = (
				0C279C4624E2D22E00474649 /* ZJBaseUtils */,
				0C279C4F24E2D22F00474649 /* ZJBaseUtilsTests */,
			);
		};
/* End PBXProject section */

/* Begin PBXResourcesBuildPhase section */
		0C279C4524E2D22E00474649 /* Resources */ = {
			isa = PBXResourcesBuildPhase;
			buildActionMask = 2147483647;
			files = (
			);
			runOnlyForDeploymentPostprocessing = 0;
		};
		0C279C4E24E2D22F00474649 /* Resources */ = {
			isa = PBXResourcesBuildPhase;
			buildActionMask = 2147483647;
			files = (
			);
			runOnlyForDeploymentPostprocessing = 0;
		};
/* End PBXResourcesBuildPhase section */

/* Begin PBXSourcesBuildPhase section */
		0C279C4324E2D22E00474649 /* Sources */ = {
			isa = PBXSourcesBuildPhase;
			buildActionMask = 2147483647;
			files = (
				0C95699324E2EF1000C9A6C5 /* NSFileManager+ZJExt.m in Sources */,
				0CCF75A424E9171400794878 /* NSData+ZJAESDES.m in Sources */,
				0CCF75A824E91C3600794878 /* NSString+ZJAESDES.m in Sources */,
				0C95697124E2D96A00C9A6C5 /* NSDate+ZJExt.m in Sources */,
				0CCF75BA24E9238D00794878 /* NSThread+ZJExt.m in Sources */,
				0C95699824E4257D00C9A6C5 /* NSObject+ZJExt.m in Sources */,
				0CCF75B024E9221300794878 /* NSString+ZJJSON.m in Sources */,
				0C95699D24E42F4100C9A6C5 /* NSString+ZJExt.m in Sources */,
				0CCF75AC24E91F7000794878 /* NSString+ZJMD5.m in Sources */,
				0C95697224E2D96A00C9A6C5 /* NSArray+ZJExt.m in Sources */,
				0CCF75A024E8EA1700794878 /* NSData+ZJRSA.m in Sources */,
				0CCF759C24E8E8C000794878 /* NSString+ZJRSA.m in Sources */,
				0C9569A224E4326D00C9A6C5 /* NSData+ZJExt.m in Sources */,
				0CCF759824E8E71000794878 /* NSString+ZJSHA.m in Sources */,
				0C95691D24E2D8FB00C9A6C5 /* ZJSAMKeychain.m in Sources */,
				0CCF75B524E9232700794878 /* NSDictionary+ZJExt.m in Sources */,
				0CCF75BF24E9285A00794878 /* UIColor+ZJExt.m in Sources */,
			);
			runOnlyForDeploymentPostprocessing = 0;
		};
		0C279C4C24E2D22F00474649 /* Sources */ = {
			isa = PBXSourcesBuildPhase;
			buildActionMask = 2147483647;
			files = (
				0C279C5624E2D22F00474649 /* ZJBaseUtilsTests.m in Sources */,
			);
			runOnlyForDeploymentPostprocessing = 0;
		};
/* End PBXSourcesBuildPhase section */

/* Begin PBXTargetDependency section */
		0C279C5324E2D22F00474649 /* PBXTargetDependency */ = {
			isa = PBXTargetDependency;
			target = 0C279C4624E2D22E00474649 /* ZJBaseUtils */;
			targetProxy = 0C279C5224E2D22F00474649 /* PBXContainerItemProxy */;
		};
/* End PBXTargetDependency section */

/* Begin XCBuildConfiguration section */
		0C279C5924E2D22F00474649 /* Debug */ = {
			isa = XCBuildConfiguration;
			buildSettings = {
				ALWAYS_SEARCH_USER_PATHS = NO;
				CLANG_ANALYZER_NONNULL = YES;
				CLANG_ANALYZER_NUMBER_OBJECT_CONVERSION = YES_AGGRESSIVE;
				CLANG_CXX_LANGUAGE_STANDARD = "gnu++14";
				CLANG_CXX_LIBRARY = "libc++";
				CLANG_ENABLE_MODULES = YES;
				CLANG_ENABLE_OBJC_ARC = YES;
				CLANG_ENABLE_OBJC_WEAK = YES;
				CLANG_WARN_BLOCK_CAPTURE_AUTORELEASING = YES;
				CLANG_WARN_BOOL_CONVERSION = YES;
				CLANG_WARN_COMMA = YES;
				CLANG_WARN_CONSTANT_CONVERSION = YES;
				CLANG_WARN_DEPRECATED_OBJC_IMPLEMENTATIONS = YES;
				CLANG_WARN_DIRECT_OBJC_ISA_USAGE = YES_ERROR;
				CLANG_WARN_DOCUMENTATION_COMMENTS = YES;
				CLANG_WARN_EMPTY_BODY = YES;
				CLANG_WARN_ENUM_CONVERSION = YES;
				CLANG_WARN_INFINITE_RECURSION = YES;
				CLANG_WARN_INT_CONVERSION = YES;
				CLANG_WARN_NON_LITERAL_NULL_CONVERSION = YES;
				CLANG_WARN_OBJC_IMPLICIT_RETAIN_SELF = YES;
				CLANG_WARN_OBJC_LITERAL_CONVERSION = YES;
				CLANG_WARN_OBJC_ROOT_CLASS = YES_ERROR;
				CLANG_WARN_RANGE_LOOP_ANALYSIS = YES;
				CLANG_WARN_STRICT_PROTOTYPES = YES;
				CLANG_WARN_SUSPICIOUS_MOVE = YES;
				CLANG_WARN_UNGUARDED_AVAILABILITY = YES_AGGRESSIVE;
				CLANG_WARN_UNREACHABLE_CODE = YES;
				CLANG_WARN__DUPLICATE_METHOD_MATCH = YES;
				COPY_PHASE_STRIP = NO;
				CURRENT_PROJECT_VERSION = 1;
				DEBUG_INFORMATION_FORMAT = dwarf;
				ENABLE_STRICT_OBJC_MSGSEND = YES;
				ENABLE_TESTABILITY = YES;
				GCC_C_LANGUAGE_STANDARD = gnu11;
				GCC_DYNAMIC_NO_PIC = NO;
				GCC_NO_COMMON_BLOCKS = YES;
				GCC_OPTIMIZATION_LEVEL = 0;
				GCC_PREPROCESSOR_DEFINITIONS = (
					"DEBUG=1",
					"$(inherited)",
				);
				GCC_WARN_64_TO_32_BIT_CONVERSION = YES;
				GCC_WARN_ABOUT_RETURN_TYPE = YES_ERROR;
				GCC_WARN_UNDECLARED_SELECTOR = YES;
				GCC_WARN_UNINITIALIZED_AUTOS = YES_AGGRESSIVE;
				GCC_WARN_UNUSED_FUNCTION = YES;
				GCC_WARN_UNUSED_VARIABLE = YES;
				IPHONEOS_DEPLOYMENT_TARGET = 13.6;
				MTL_ENABLE_DEBUG_INFO = INCLUDE_SOURCE;
				MTL_FAST_MATH = YES;
				ONLY_ACTIVE_ARCH = YES;
				SDKROOT = iphoneos;
				VERSIONING_SYSTEM = "apple-generic";
				VERSION_INFO_PREFIX = "";
			};
			name = Debug;
		};
		0C279C5A24E2D22F00474649 /* Release */ = {
			isa = XCBuildConfiguration;
			buildSettings = {
				ALWAYS_SEARCH_USER_PATHS = NO;
				CLANG_ANALYZER_NONNULL = YES;
				CLANG_ANALYZER_NUMBER_OBJECT_CONVERSION = YES_AGGRESSIVE;
				CLANG_CXX_LANGUAGE_STANDARD = "gnu++14";
				CLANG_CXX_LIBRARY = "libc++";
				CLANG_ENABLE_MODULES = YES;
				CLANG_ENABLE_OBJC_ARC = YES;
				CLANG_ENABLE_OBJC_WEAK = YES;
				CLANG_WARN_BLOCK_CAPTURE_AUTORELEASING = YES;
				CLANG_WARN_BOOL_CONVERSION = YES;
				CLANG_WARN_COMMA = YES;
				CLANG_WARN_CONSTANT_CONVERSION = YES;
				CLANG_WARN_DEPRECATED_OBJC_IMPLEMENTATIONS = YES;
				CLANG_WARN_DIRECT_OBJC_ISA_USAGE = YES_ERROR;
				CLANG_WARN_DOCUMENTATION_COMMENTS = YES;
				CLANG_WARN_EMPTY_BODY = YES;
				CLANG_WARN_ENUM_CONVERSION = YES;
				CLANG_WARN_INFINITE_RECURSION = YES;
				CLANG_WARN_INT_CONVERSION = YES;
				CLANG_WARN_NON_LITERAL_NULL_CONVERSION = YES;
				CLANG_WARN_OBJC_IMPLICIT_RETAIN_SELF = YES;
				CLANG_WARN_OBJC_LITERAL_CONVERSION = YES;
				CLANG_WARN_OBJC_ROOT_CLASS = YES_ERROR;
				CLANG_WARN_RANGE_LOOP_ANALYSIS = YES;
				CLANG_WARN_STRICT_PROTOTYPES = YES;
				CLANG_WARN_SUSPICIOUS_MOVE = YES;
				CLANG_WARN_UNGUARDED_AVAILABILITY = YES_AGGRESSIVE;
				CLANG_WARN_UNREACHABLE_CODE = YES;
				CLANG_WARN__DUPLICATE_METHOD_MATCH = YES;
				COPY_PHASE_STRIP = NO;
				CURRENT_PROJECT_VERSION = 1;
				DEBUG_INFORMATION_FORMAT = "dwarf-with-dsym";
				ENABLE_NS_ASSERTIONS = NO;
				ENABLE_STRICT_OBJC_MSGSEND = YES;
				GCC_C_LANGUAGE_STANDARD = gnu11;
				GCC_NO_COMMON_BLOCKS = YES;
				GCC_WARN_64_TO_32_BIT_CONVERSION = YES;
				GCC_WARN_ABOUT_RETURN_TYPE = YES_ERROR;
				GCC_WARN_UNDECLARED_SELECTOR = YES;
				GCC_WARN_UNINITIALIZED_AUTOS = YES_AGGRESSIVE;
				GCC_WARN_UNUSED_FUNCTION = YES;
				GCC_WARN_UNUSED_VARIABLE = YES;
				IPHONEOS_DEPLOYMENT_TARGET = 13.6;
				MTL_ENABLE_DEBUG_INFO = NO;
				MTL_FAST_MATH = YES;
				SDKROOT = iphoneos;
				VALIDATE_PRODUCT = YES;
				VERSIONING_SYSTEM = "apple-generic";
				VERSION_INFO_PREFIX = "";
			};
			name = Release;
		};
		0C279C5C24E2D22F00474649 /* Debug */ = {
			isa = XCBuildConfiguration;
			buildSettings = {
				CODE_SIGN_STYLE = Automatic;
				DEFINES_MODULE = YES;
				DYLIB_COMPATIBILITY_VERSION = 1;
				DYLIB_CURRENT_VERSION = 1;
				DYLIB_INSTALL_NAME_BASE = "@rpath";
				INFOPLIST_FILE = ZJBaseUtils/Info.plist;
				INSTALL_PATH = "$(LOCAL_LIBRARY_DIR)/Frameworks";
				IPHONEOS_DEPLOYMENT_TARGET = 8.0;
				LD_RUNPATH_SEARCH_PATHS = (
					"$(inherited)",
					"@executable_path/Frameworks",
					"@loader_path/Frameworks",
				);
				MARKETING_VERSION = 1.0.0;
				PRODUCT_BUNDLE_IDENTIFIER = org.eafy.ZJBaseUtils;
				PRODUCT_NAME = "$(TARGET_NAME:c99extidentifier)";
				SKIP_INSTALL = YES;
				SUPPORTS_MACCATALYST = NO;
				TARGETED_DEVICE_FAMILY = "1,2";
			};
			name = Debug;
		};
		0C279C5D24E2D22F00474649 /* Release */ = {
			isa = XCBuildConfiguration;
			buildSettings = {
				CODE_SIGN_STYLE = Automatic;
				DEFINES_MODULE = YES;
				DYLIB_COMPATIBILITY_VERSION = 1;
				DYLIB_CURRENT_VERSION = 1;
				DYLIB_INSTALL_NAME_BASE = "@rpath";
				INFOPLIST_FILE = ZJBaseUtils/Info.plist;
				INSTALL_PATH = "$(LOCAL_LIBRARY_DIR)/Frameworks";
				IPHONEOS_DEPLOYMENT_TARGET = 8.0;
				LD_RUNPATH_SEARCH_PATHS = (
					"$(inherited)",
					"@executable_path/Frameworks",
					"@loader_path/Frameworks",
				);
				MARKETING_VERSION = 1.0.0;
				PRODUCT_BUNDLE_IDENTIFIER = org.eafy.ZJBaseUtils;
				PRODUCT_NAME = "$(TARGET_NAME:c99extidentifier)";
				SKIP_INSTALL = YES;
				SUPPORTS_MACCATALYST = NO;
				TARGETED_DEVICE_FAMILY = "1,2";
			};
			name = Release;
		};
		0C279C5F24E2D22F00474649 /* Debug */ = {
			isa = XCBuildConfiguration;
			buildSettings = {
				CODE_SIGN_STYLE = Automatic;
				INFOPLIST_FILE = ZJBaseUtilsTests/Info.plist;
				LD_RUNPATH_SEARCH_PATHS = (
					"$(inherited)",
					"@executable_path/Frameworks",
					"@loader_path/Frameworks",
				);
				PRODUCT_BUNDLE_IDENTIFIER = org.eafy.ZJBaseUtilsTests;
				PRODUCT_NAME = "$(TARGET_NAME)";
				TARGETED_DEVICE_FAMILY = "1,2";
			};
			name = Debug;
		};
		0C279C6024E2D22F00474649 /* Release */ = {
			isa = XCBuildConfiguration;
			buildSettings = {
				CODE_SIGN_STYLE = Automatic;
				INFOPLIST_FILE = ZJBaseUtilsTests/Info.plist;
				LD_RUNPATH_SEARCH_PATHS = (
					"$(inherited)",
					"@executable_path/Frameworks",
					"@loader_path/Frameworks",
				);
				PRODUCT_BUNDLE_IDENTIFIER = org.eafy.ZJBaseUtilsTests;
				PRODUCT_NAME = "$(TARGET_NAME)";
				TARGETED_DEVICE_FAMILY = "1,2";
			};
			name = Release;
		};
/* End XCBuildConfiguration section */

/* Begin XCConfigurationList section */
		0C279C4124E2D22E00474649 /* Build configuration list for PBXProject "ZJBaseUtils" */ = {
			isa = XCConfigurationList;
			buildConfigurations = (
				0C279C5924E2D22F00474649 /* Debug */,
				0C279C5A24E2D22F00474649 /* Release */,
			);
			defaultConfigurationIsVisible = 0;
			defaultConfigurationName = Release;
		};
		0C279C5B24E2D22F00474649 /* Build configuration list for PBXNativeTarget "ZJBaseUtils" */ = {
			isa = XCConfigurationList;
			buildConfigurations = (
				0C279C5C24E2D22F00474649 /* Debug */,
				0C279C5D24E2D22F00474649 /* Release */,
			);
			defaultConfigurationIsVisible = 0;
			defaultConfigurationName = Release;
		};
		0C279C5E24E2D22F00474649 /* Build configuration list for PBXNativeTarget "ZJBaseUtilsTests" */ = {
			isa = XCConfigurationList;
			buildConfigurations = (
				0C279C5F24E2D22F00474649 /* Debug */,
				0C279C6024E2D22F00474649 /* Release */,
			);
			defaultConfigurationIsVisible = 0;
			defaultConfigurationName = Release;
		};
/* End XCConfigurationList section */
	};
	rootObject = 0C279C3E24E2D22E00474649 /* Project object */;
}
