// !$*UTF8*$!
{
	archiveVersion = 1;
	classes = {
	};
	objectVersion = 50;
	objects = {

/* Begin PBXBuildFile section */
		0C279C5124E2D22F00474649 /* ZJBaseUtils.framework in Frameworks */ = {isa = PBXBuildFile; fileRef = 0C279C4724E2D22E00474649 /* ZJBaseUtils.framework */; };
		0C279C5624E2D22F00474649 /* ZJBaseUtilsTests.m in Sources */ = {isa = PBXBuildFile; fileRef = 0C279C5524E2D22F00474649 /* ZJBaseUtilsTests.m */; };
		0C279C5824E2D22F00474649 /* ZJBaseUtils.h in Headers */ = {isa = PBXBuildFile; fileRef = 0C279C4A24E2D22E00474649 /* ZJBaseUtils.h */; settings = {ATTRIBUTES = (Public, ); }; };
		0C4C942C255ED29D008CED51 /* ZJBaseTabBar.h in Headers */ = {isa = PBXBuildFile; fileRef = 0C4C942A255ED29D008CED51 /* ZJBaseTabBar.h */; settings = {ATTRIBUTES = (Public, ); }; };
		0C4C942D255ED29D008CED51 /* ZJBaseTabBar.m in Sources */ = {isa = PBXBuildFile; fileRef = 0C4C942B255ED29D008CED51 /* ZJBaseTabBar.m */; };
		0C4C9432255ED31F008CED51 /* ZJBaseTabBarButton.h in Headers */ = {isa = PBXBuildFile; fileRef = 0C4C9430255ED31F008CED51 /* ZJBaseTabBarButton.h */; settings = {ATTRIBUTES = (Public, ); }; };
		0C4C9433255ED31F008CED51 /* ZJBaseTabBarButton.m in Sources */ = {isa = PBXBuildFile; fileRef = 0C4C9431255ED31F008CED51 /* ZJBaseTabBarButton.m */; };
		0C4C9438255ED351008CED51 /* ZJBaseTabBarController.h in Headers */ = {isa = PBXBuildFile; fileRef = 0C4C9436255ED351008CED51 /* ZJBaseTabBarController.h */; settings = {ATTRIBUTES = (Public, ); }; };
		0C4C9439255ED351008CED51 /* ZJBaseTabBarController.m in Sources */ = {isa = PBXBuildFile; fileRef = 0C4C9437255ED351008CED51 /* ZJBaseTabBarController.m */; };
		0C4C94F4255F8038008CED51 /* ZJBaseTarbarItem.m in Sources */ = {isa = PBXBuildFile; fileRef = 0C4C94F2255F8038008CED51 /* ZJBaseTarbarItem.m */; };
		0C4C94F5255F8038008CED51 /* ZJBaseTarbarItem.h in Headers */ = {isa = PBXBuildFile; fileRef = 0C4C94F3255F8038008CED51 /* ZJBaseTarbarItem.h */; settings = {ATTRIBUTES = (Public, ); }; };
		0C50B87B251E4F0C0032CB2F /* ZJBaseTableViewController.m in Sources */ = {isa = PBXBuildFile; fileRef = 0C50B862251E4F0C0032CB2F /* ZJBaseTableViewController.m */; };
		0C50B87D251E4F0C0032CB2F /* ZJBaseTVConfig.m in Sources */ = {isa = PBXBuildFile; fileRef = 0C50B864251E4F0C0032CB2F /* ZJBaseTVConfig.m */; };
		0C50B87E251E4F0C0032CB2F /* ZJBaseTableViewController.h in Headers */ = {isa = PBXBuildFile; fileRef = 0C50B865251E4F0C0032CB2F /* ZJBaseTableViewController.h */; settings = {ATTRIBUTES = (Public, ); }; };
		0C50B880251E4F0C0032CB2F /* ZJSettingSwitchItem.h in Headers */ = {isa = PBXBuildFile; fileRef = 0C50B868251E4F0C0032CB2F /* ZJSettingSwitchItem.h */; settings = {ATTRIBUTES = (Public, ); }; };
		0C50B881251E4F0C0032CB2F /* ZJSettingLabelItem.m in Sources */ = {isa = PBXBuildFile; fileRef = 0C50B869251E4F0C0032CB2F /* ZJSettingLabelItem.m */; };
		0C50B883251E4F0C0032CB2F /* ZJSettingArrowItem.h in Headers */ = {isa = PBXBuildFile; fileRef = 0C50B86B251E4F0C0032CB2F /* ZJSettingArrowItem.h */; settings = {ATTRIBUTES = (Public, ); }; };
		0C50B884251E4F0C0032CB2F /* ZJSettingItemGroup.h in Headers */ = {isa = PBXBuildFile; fileRef = 0C50B86C251E4F0C0032CB2F /* ZJSettingItemGroup.h */; settings = {ATTRIBUTES = (Public, ); }; };
		0C50B885251E4F0C0032CB2F /* ZJSettingItem.h in Headers */ = {isa = PBXBuildFile; fileRef = 0C50B86D251E4F0C0032CB2F /* ZJSettingItem.h */; settings = {ATTRIBUTES = (Public, ); }; };
		0C50B886251E4F0C0032CB2F /* ZJSettingCustomViewItem.h in Headers */ = {isa = PBXBuildFile; fileRef = 0C50B86E251E4F0C0032CB2F /* ZJSettingCustomViewItem.h */; settings = {ATTRIBUTES = (Public, ); }; };
		0C50B887251E4F0C0032CB2F /* ZJSettingSwitchItem.m in Sources */ = {isa = PBXBuildFile; fileRef = 0C50B86F251E4F0C0032CB2F /* ZJSettingSwitchItem.m */; };
		0C50B889251E4F0C0032CB2F /* ZJSettingLabelItem.h in Headers */ = {isa = PBXBuildFile; fileRef = 0C50B871251E4F0C0032CB2F /* ZJSettingLabelItem.h */; settings = {ATTRIBUTES = (Public, ); }; };
		0C50B88A251E4F0C0032CB2F /* ZJSettingItem.m in Sources */ = {isa = PBXBuildFile; fileRef = 0C50B872251E4F0C0032CB2F /* ZJSettingItem.m */; };
		0C50B88B251E4F0C0032CB2F /* ZJSettingArrowItem.m in Sources */ = {isa = PBXBuildFile; fileRef = 0C50B873251E4F0C0032CB2F /* ZJSettingArrowItem.m */; };
		0C50B88C251E4F0C0032CB2F /* ZJSettingItemGroup.m in Sources */ = {isa = PBXBuildFile; fileRef = 0C50B874251E4F0C0032CB2F /* ZJSettingItemGroup.m */; };
		0C50B88D251E4F0C0032CB2F /* ZJSettingCustomViewItem.m in Sources */ = {isa = PBXBuildFile; fileRef = 0C50B875251E4F0C0032CB2F /* ZJSettingCustomViewItem.m */; };
		0C50B88E251E4F0C0032CB2F /* ZJSettingTableViewCell.h in Headers */ = {isa = PBXBuildFile; fileRef = 0C50B877251E4F0C0032CB2F /* ZJSettingTableViewCell.h */; settings = {ATTRIBUTES = (Public, ); }; };
		0C50B88F251E4F0C0032CB2F /* ZJSettingTableViewCell.m in Sources */ = {isa = PBXBuildFile; fileRef = 0C50B878251E4F0C0032CB2F /* ZJSettingTableViewCell.m */; };
		0C50B891251E4F0C0032CB2F /* ZJBaseTVConfig.h in Headers */ = {isa = PBXBuildFile; fileRef = 0C50B87A251E4F0C0032CB2F /* ZJBaseTVConfig.h */; settings = {ATTRIBUTES = (Public, ); }; };
		0C50B8AF251E516A0032CB2F /* UIImageView+ZJExt.m in Sources */ = {isa = PBXBuildFile; fileRef = 0C50B8AD251E516A0032CB2F /* UIImageView+ZJExt.m */; };
		0C50B8B0251E516A0032CB2F /* UIImageView+ZJExt.h in Headers */ = {isa = PBXBuildFile; fileRef = 0C50B8AE251E516A0032CB2F /* UIImageView+ZJExt.h */; settings = {ATTRIBUTES = (Public, ); }; };
		0C50B8C7251E53CC0032CB2F /* ZJError.m in Sources */ = {isa = PBXBuildFile; fileRef = 0C50B8C5251E53CC0032CB2F /* ZJError.m */; };
		0C50B8C8251E53CC0032CB2F /* ZJError.h in Headers */ = {isa = PBXBuildFile; fileRef = 0C50B8C6251E53CC0032CB2F /* ZJError.h */; settings = {ATTRIBUTES = (Public, ); }; };
		0C50B913251EF53A0032CB2F /* ZJThread.h in Headers */ = {isa = PBXBuildFile; fileRef = 0C50B911251EF53A0032CB2F /* ZJThread.h */; settings = {ATTRIBUTES = (Public, ); }; };
		0C50B914251EF53A0032CB2F /* ZJThread.m in Sources */ = {isa = PBXBuildFile; fileRef = 0C50B912251EF53A0032CB2F /* ZJThread.m */; };
		0C64972A2563AE9D0052DBCA /* ZJPHAsset.h in Headers */ = {isa = PBXBuildFile; fileRef = 0C6497282563AE9D0052DBCA /* ZJPHAsset.h */; settings = {ATTRIBUTES = (Public, ); }; };
		0C64972B2563AE9D0052DBCA /* ZJPHAsset.m in Sources */ = {isa = PBXBuildFile; fileRef = 0C6497292563AE9D0052DBCA /* ZJPHAsset.m */; };
		0C64972E2563AEC60052DBCA /* PHAsset+ZJExt.h in Headers */ = {isa = PBXBuildFile; fileRef = 0C64972C2563AEC60052DBCA /* PHAsset+ZJExt.h */; settings = {ATTRIBUTES = (Public, ); }; };
		0C64972F2563AEC60052DBCA /* PHAsset+ZJExt.m in Sources */ = {isa = PBXBuildFile; fileRef = 0C64972D2563AEC60052DBCA /* PHAsset+ZJExt.m */; };
		0C6497322563B37D0052DBCA /* ZJPhoto.h in Headers */ = {isa = PBXBuildFile; fileRef = 0C6497302563B37D0052DBCA /* ZJPhoto.h */; settings = {ATTRIBUTES = (Public, ); }; };
		0C6497332563B37D0052DBCA /* ZJPhoto.m in Sources */ = {isa = PBXBuildFile; fileRef = 0C6497312563B37D0052DBCA /* ZJPhoto.m */; };
		0C68EDD62562806400D3CF9F /* ZJBaseTabBarTopLineConfig.h in Headers */ = {isa = PBXBuildFile; fileRef = 0C68EDD42562806400D3CF9F /* ZJBaseTabBarTopLineConfig.h */; settings = {ATTRIBUTES = (Public, ); }; };
		0C68EDD72562806400D3CF9F /* ZJBaseTabBarTopLineConfig.m in Sources */ = {isa = PBXBuildFile; fileRef = 0C68EDD52562806400D3CF9F /* ZJBaseTabBarTopLineConfig.m */; };
		0C7172D62563FB0600950EE5 /* UIImage+ZJGradient.h in Headers */ = {isa = PBXBuildFile; fileRef = 0C7172D42563FB0600950EE5 /* UIImage+ZJGradient.h */; settings = {ATTRIBUTES = (Public, ); }; };
		0C7172D72563FB0600950EE5 /* UIImage+ZJGradient.m in Sources */ = {isa = PBXBuildFile; fileRef = 0C7172D52563FB0600950EE5 /* UIImage+ZJGradient.m */; };
		0C7172DC2563FE8500950EE5 /* UIButton+ZJGradient.h in Headers */ = {isa = PBXBuildFile; fileRef = 0C7172DA2563FE8500950EE5 /* UIButton+ZJGradient.h */; settings = {ATTRIBUTES = (Public, ); }; };
		0C7172DD2563FE8500950EE5 /* UIButton+ZJGradient.m in Sources */ = {isa = PBXBuildFile; fileRef = 0C7172DB2563FE8500950EE5 /* UIButton+ZJGradient.m */; };
		0C720666255BEEE0005789C7 /* ZJBaseTVPrivateData.h in Headers */ = {isa = PBXBuildFile; fileRef = 0C720664255BEEE0005789C7 /* ZJBaseTVPrivateData.h */; settings = {ATTRIBUTES = (Public, ); }; };
		0C720667255BEEE0005789C7 /* ZJBaseTVPrivateData.m in Sources */ = {isa = PBXBuildFile; fileRef = 0C720665255BEEE0005789C7 /* ZJBaseTVPrivateData.m */; };
		0C72066A255BEFE4005789C7 /* ZJBaseTableView.h in Headers */ = {isa = PBXBuildFile; fileRef = 0C720668255BEFE4005789C7 /* ZJBaseTableView.h */; settings = {ATTRIBUTES = (Public, ); }; };
		0C72066B255BEFE4005789C7 /* ZJBaseTableView.m in Sources */ = {isa = PBXBuildFile; fileRef = 0C720669255BEFE4005789C7 /* ZJBaseTableView.m */; };
		0C95691C24E2D8FB00C9A6C5 /* ZJSAMKeychain.h in Headers */ = {isa = PBXBuildFile; fileRef = 0C95691A24E2D8FB00C9A6C5 /* ZJSAMKeychain.h */; };
		0C95691D24E2D8FB00C9A6C5 /* ZJSAMKeychain.m in Sources */ = {isa = PBXBuildFile; fileRef = 0C95691B24E2D8FB00C9A6C5 /* ZJSAMKeychain.m */; };
		0C95696D24E2D96A00C9A6C5 /* ZJSingleton.h in Headers */ = {isa = PBXBuildFile; fileRef = 0C95693224E2D96900C9A6C5 /* ZJSingleton.h */; settings = {ATTRIBUTES = (Public, ); }; };
		0C95697024E2D96A00C9A6C5 /* NSDate+ZJExt.h in Headers */ = {isa = PBXBuildFile; fileRef = 0C95693724E2D96900C9A6C5 /* NSDate+ZJExt.h */; settings = {ATTRIBUTES = (Public, ); }; };
		0C95697124E2D96A00C9A6C5 /* NSDate+ZJExt.m in Sources */ = {isa = PBXBuildFile; fileRef = 0C95693824E2D96900C9A6C5 /* NSDate+ZJExt.m */; };
		0C95697224E2D96A00C9A6C5 /* NSArray+ZJExt.m in Sources */ = {isa = PBXBuildFile; fileRef = 0C95693A24E2D96900C9A6C5 /* NSArray+ZJExt.m */; };
		0C95697324E2D96A00C9A6C5 /* NSArray+ZJExt.h in Headers */ = {isa = PBXBuildFile; fileRef = 0C95693B24E2D96900C9A6C5 /* NSArray+ZJExt.h */; settings = {ATTRIBUTES = (Public, ); }; };
		0C95698624E2D96A00C9A6C5 /* ZJUtilsDef.h in Headers */ = {isa = PBXBuildFile; fileRef = 0C95695224E2D96900C9A6C5 /* ZJUtilsDef.h */; settings = {ATTRIBUTES = (Public, ); }; };
		0C95699224E2EF1000C9A6C5 /* NSFileManager+ZJExt.h in Headers */ = {isa = PBXBuildFile; fileRef = 0C95699024E2EF1000C9A6C5 /* NSFileManager+ZJExt.h */; settings = {ATTRIBUTES = (Public, ); }; };
		0C95699324E2EF1000C9A6C5 /* NSFileManager+ZJExt.m in Sources */ = {isa = PBXBuildFile; fileRef = 0C95699124E2EF1000C9A6C5 /* NSFileManager+ZJExt.m */; };
		0C95699724E4257D00C9A6C5 /* NSObject+ZJExt.h in Headers */ = {isa = PBXBuildFile; fileRef = 0C95699524E4257D00C9A6C5 /* NSObject+ZJExt.h */; settings = {ATTRIBUTES = (Public, ); }; };
		0C95699824E4257D00C9A6C5 /* NSObject+ZJExt.m in Sources */ = {isa = PBXBuildFile; fileRef = 0C95699624E4257D00C9A6C5 /* NSObject+ZJExt.m */; };
		0C95699C24E42F4100C9A6C5 /* NSString+ZJExt.h in Headers */ = {isa = PBXBuildFile; fileRef = 0C95699A24E42F4100C9A6C5 /* NSString+ZJExt.h */; settings = {ATTRIBUTES = (Public, ); }; };
		0C95699D24E42F4100C9A6C5 /* NSString+ZJExt.m in Sources */ = {isa = PBXBuildFile; fileRef = 0C95699B24E42F4100C9A6C5 /* NSString+ZJExt.m */; };
		0C9569A124E4326D00C9A6C5 /* NSData+ZJExt.h in Headers */ = {isa = PBXBuildFile; fileRef = 0C95699F24E4326D00C9A6C5 /* NSData+ZJExt.h */; settings = {ATTRIBUTES = (Public, ); }; };
		0C9569A224E4326D00C9A6C5 /* NSData+ZJExt.m in Sources */ = {isa = PBXBuildFile; fileRef = 0C9569A024E4326D00C9A6C5 /* NSData+ZJExt.m */; };
		0C9D9A8B255F98BE0026C980 /* ZJBaseTBBadge.h in Headers */ = {isa = PBXBuildFile; fileRef = 0C9D9A89255F98BE0026C980 /* ZJBaseTBBadge.h */; settings = {ATTRIBUTES = (Public, ); }; };
		0C9D9A8C255F98BE0026C980 /* ZJBaseTBBadge.m in Sources */ = {isa = PBXBuildFile; fileRef = 0C9D9A8A255F98BE0026C980 /* ZJBaseTBBadge.m */; };
		0C9D9A93255F995D0026C980 /* CAAnimation+ZJExt.h in Headers */ = {isa = PBXBuildFile; fileRef = 0C9D9A91255F995D0026C980 /* CAAnimation+ZJExt.h */; settings = {ATTRIBUTES = (Public, ); }; };
		0C9D9A94255F995D0026C980 /* CAAnimation+ZJExt.m in Sources */ = {isa = PBXBuildFile; fileRef = 0C9D9A92255F995D0026C980 /* CAAnimation+ZJExt.m */; };
		0C9D9AAD256018110026C980 /* ZJBaseTabBarConfig.h in Headers */ = {isa = PBXBuildFile; fileRef = 0C9D9AAB256018110026C980 /* ZJBaseTabBarConfig.h */; settings = {ATTRIBUTES = (Public, ); }; };
		0C9D9AAE256018110026C980 /* ZJBaseTabBarConfig.m in Sources */ = {isa = PBXBuildFile; fileRef = 0C9D9AAC256018110026C980 /* ZJBaseTabBarConfig.m */; };
		0CA0211A251F76D200A9F216 /* ZJModel.h in Headers */ = {isa = PBXBuildFile; fileRef = 0CA02118251F76D200A9F216 /* ZJModel.h */; settings = {ATTRIBUTES = (Public, ); }; };
		0CA0211B251F76D200A9F216 /* ZJModel.m in Sources */ = {isa = PBXBuildFile; fileRef = 0CA02119251F76D200A9F216 /* ZJModel.m */; };
		0CA3ADEB25340907009782ED /* CoreServices.framework in Frameworks */ = {isa = PBXBuildFile; fileRef = 0CA3ADEA25340907009782ED /* CoreServices.framework */; };
		0CA3AE0125357D1A009782ED /* ZJModelFilter.h in Headers */ = {isa = PBXBuildFile; fileRef = 0CA3ADFF25357D1A009782ED /* ZJModelFilter.h */; settings = {ATTRIBUTES = (Public, ); }; };
		0CA3AE0225357D1A009782ED /* ZJModelFilter.m in Sources */ = {isa = PBXBuildFile; fileRef = 0CA3AE0025357D1A009782ED /* ZJModelFilter.m */; };
		0CA3AE132535BDE1009782ED /* ZJModelFilterGet.h in Headers */ = {isa = PBXBuildFile; fileRef = 0CA3AE112535BDE1009782ED /* ZJModelFilterGet.h */; settings = {ATTRIBUTES = (Public, ); }; };
		0CA3AE142535BDE1009782ED /* ZJModelFilterGet.m in Sources */ = {isa = PBXBuildFile; fileRef = 0CA3AE122535BDE1009782ED /* ZJModelFilterGet.m */; };
		0CA3AE172535BDEC009782ED /* ZJModelFilterSet.h in Headers */ = {isa = PBXBuildFile; fileRef = 0CA3AE152535BDEC009782ED /* ZJModelFilterSet.h */; settings = {ATTRIBUTES = (Public, ); }; };
		0CA3AE182535BDEC009782ED /* ZJModelFilterSet.m in Sources */ = {isa = PBXBuildFile; fileRef = 0CA3AE162535BDEC009782ED /* ZJModelFilterSet.m */; };
		0CB590AF2515F40E0092E854 /* UIButton+ZJExt.h in Headers */ = {isa = PBXBuildFile; fileRef = 0CB590AD2515F40E0092E854 /* UIButton+ZJExt.h */; settings = {ATTRIBUTES = (Public, ); }; };
		0CB590B02515F40E0092E854 /* UIButton+ZJExt.m in Sources */ = {isa = PBXBuildFile; fileRef = 0CB590AE2515F40E0092E854 /* UIButton+ZJExt.m */; };
		0CB590BC2515F4680092E854 /* ZJBaseViewController.h in Headers */ = {isa = PBXBuildFile; fileRef = 0CB590BA2515F4680092E854 /* ZJBaseViewController.h */; settings = {ATTRIBUTES = (Public, ); }; };
		0CB590BD2515F4680092E854 /* ZJBaseViewController.m in Sources */ = {isa = PBXBuildFile; fileRef = 0CB590BB2515F4680092E854 /* ZJBaseViewController.m */; };
		0CB590CA2515F5D30092E854 /* NSString+ZJIMGExt.m in Sources */ = {isa = PBXBuildFile; fileRef = 0CB590C82515F5D30092E854 /* NSString+ZJIMGExt.m */; };
		0CB590CB2515F5D30092E854 /* NSString+ZJIMGExt.h in Headers */ = {isa = PBXBuildFile; fileRef = 0CB590C92515F5D30092E854 /* NSString+ZJIMGExt.h */; settings = {ATTRIBUTES = (Public, ); }; };
		0CB590D92515F71C0092E854 /* ZJBaseNavigationController.m in Sources */ = {isa = PBXBuildFile; fileRef = 0CB590D72515F71C0092E854 /* ZJBaseNavigationController.m */; };
		0CB590DA2515F71C0092E854 /* ZJBaseNavigationController.h in Headers */ = {isa = PBXBuildFile; fileRef = 0CB590D82515F71C0092E854 /* ZJBaseNavigationController.h */; settings = {ATTRIBUTES = (Public, ); }; };
		0CB590FD251601610092E854 /* ZJLocalizationTool.h in Headers */ = {isa = PBXBuildFile; fileRef = 0CB590FB251601610092E854 /* ZJLocalizationTool.h */; settings = {ATTRIBUTES = (Public, ); }; };
		0CB590FE251601610092E854 /* ZJLocalizationTool.m in Sources */ = {isa = PBXBuildFile; fileRef = 0CB590FC251601610092E854 /* ZJLocalizationTool.m */; };
		0CC127C8256507C900C33366 /* ZJSystem+WiFi.m in Sources */ = {isa = PBXBuildFile; fileRef = 0CC127C6256507C900C33366 /* ZJSystem+WiFi.m */; };
		0CC127C9256507C900C33366 /* ZJSystem+WiFi.h in Headers */ = {isa = PBXBuildFile; fileRef = 0CC127C7256507C900C33366 /* ZJSystem+WiFi.h */; };
		0CC5EFD52539420F0083546A /* ZJModelPairs.h in Headers */ = {isa = PBXBuildFile; fileRef = 0CC5EFD32539420F0083546A /* ZJModelPairs.h */; settings = {ATTRIBUTES = (Public, ); }; };
		0CC5EFD62539420F0083546A /* ZJModelPairs.m in Sources */ = {isa = PBXBuildFile; fileRef = 0CC5EFD42539420F0083546A /* ZJModelPairs.m */; };
		0CCF759724E8E71000794878 /* NSString+ZJSHA.h in Headers */ = {isa = PBXBuildFile; fileRef = 0CCF759524E8E71000794878 /* NSString+ZJSHA.h */; settings = {ATTRIBUTES = (Public, ); }; };
		0CCF759824E8E71000794878 /* NSString+ZJSHA.m in Sources */ = {isa = PBXBuildFile; fileRef = 0CCF759624E8E71000794878 /* NSString+ZJSHA.m */; };
		0CCF759B24E8E8C000794878 /* NSString+ZJRSA.h in Headers */ = {isa = PBXBuildFile; fileRef = 0CCF759924E8E8C000794878 /* NSString+ZJRSA.h */; settings = {ATTRIBUTES = (Public, ); }; };
		0CCF759C24E8E8C000794878 /* NSString+ZJRSA.m in Sources */ = {isa = PBXBuildFile; fileRef = 0CCF759A24E8E8C000794878 /* NSString+ZJRSA.m */; };
		0CCF759F24E8EA1700794878 /* NSData+ZJRSA.h in Headers */ = {isa = PBXBuildFile; fileRef = 0CCF759D24E8EA1700794878 /* NSData+ZJRSA.h */; settings = {ATTRIBUTES = (Public, ); }; };
		0CCF75A024E8EA1700794878 /* NSData+ZJRSA.m in Sources */ = {isa = PBXBuildFile; fileRef = 0CCF759E24E8EA1700794878 /* NSData+ZJRSA.m */; };
		0CCF75A324E9171400794878 /* NSData+ZJAESDES.h in Headers */ = {isa = PBXBuildFile; fileRef = 0CCF75A124E9171400794878 /* NSData+ZJAESDES.h */; settings = {ATTRIBUTES = (Public, ); }; };
		0CCF75A424E9171400794878 /* NSData+ZJAESDES.m in Sources */ = {isa = PBXBuildFile; fileRef = 0CCF75A224E9171400794878 /* NSData+ZJAESDES.m */; };
		0CCF75A724E91C3600794878 /* NSString+ZJAESDES.h in Headers */ = {isa = PBXBuildFile; fileRef = 0CCF75A524E91C3600794878 /* NSString+ZJAESDES.h */; settings = {ATTRIBUTES = (Public, ); }; };
		0CCF75A824E91C3600794878 /* NSString+ZJAESDES.m in Sources */ = {isa = PBXBuildFile; fileRef = 0CCF75A624E91C3600794878 /* NSString+ZJAESDES.m */; };
		0CCF75AB24E91F7000794878 /* NSString+ZJMD5.h in Headers */ = {isa = PBXBuildFile; fileRef = 0CCF75A924E91F7000794878 /* NSString+ZJMD5.h */; settings = {ATTRIBUTES = (Public, ); }; };
		0CCF75AC24E91F7000794878 /* NSString+ZJMD5.m in Sources */ = {isa = PBXBuildFile; fileRef = 0CCF75AA24E91F7000794878 /* NSString+ZJMD5.m */; };
		0CCF75AF24E9221300794878 /* NSString+ZJJSON.h in Headers */ = {isa = PBXBuildFile; fileRef = 0CCF75AD24E9221300794878 /* NSString+ZJJSON.h */; settings = {ATTRIBUTES = (Public, ); }; };
		0CCF75B024E9221300794878 /* NSString+ZJJSON.m in Sources */ = {isa = PBXBuildFile; fileRef = 0CCF75AE24E9221300794878 /* NSString+ZJJSON.m */; };
		0CCF75B424E9232700794878 /* NSDictionary+ZJExt.h in Headers */ = {isa = PBXBuildFile; fileRef = 0CCF75B224E9232700794878 /* NSDictionary+ZJExt.h */; settings = {ATTRIBUTES = (Public, ); }; };
		0CCF75B524E9232700794878 /* NSDictionary+ZJExt.m in Sources */ = {isa = PBXBuildFile; fileRef = 0CCF75B324E9232700794878 /* NSDictionary+ZJExt.m */; };
		0CCF75B924E9238D00794878 /* NSThread+ZJExt.h in Headers */ = {isa = PBXBuildFile; fileRef = 0CCF75B724E9238D00794878 /* NSThread+ZJExt.h */; settings = {ATTRIBUTES = (Public, ); }; };
		0CCF75BA24E9238D00794878 /* NSThread+ZJExt.m in Sources */ = {isa = PBXBuildFile; fileRef = 0CCF75B824E9238D00794878 /* NSThread+ZJExt.m */; };
		0CCF75BE24E9285A00794878 /* UIColor+ZJExt.h in Headers */ = {isa = PBXBuildFile; fileRef = 0CCF75BC24E9285A00794878 /* UIColor+ZJExt.h */; settings = {ATTRIBUTES = (Public, ); }; };
		0CCF75BF24E9285A00794878 /* UIColor+ZJExt.m in Sources */ = {isa = PBXBuildFile; fileRef = 0CCF75BD24E9285A00794878 /* UIColor+ZJExt.m */; };
		0CCF75C324EC00EF00794878 /* UIImage+ZJExt.h in Headers */ = {isa = PBXBuildFile; fileRef = 0CCF75C124EC00EF00794878 /* UIImage+ZJExt.h */; settings = {ATTRIBUTES = (Public, ); }; };
		0CCF75C424EC00EF00794878 /* UIImage+ZJExt.m in Sources */ = {isa = PBXBuildFile; fileRef = 0CCF75C224EC00EF00794878 /* UIImage+ZJExt.m */; };
		0CCF75C824EC03BB00794878 /* UIView+ZJExt.h in Headers */ = {isa = PBXBuildFile; fileRef = 0CCF75C624EC03BB00794878 /* UIView+ZJExt.h */; settings = {ATTRIBUTES = (Public, ); }; };
		0CCF75C924EC03BB00794878 /* UIView+ZJExt.m in Sources */ = {isa = PBXBuildFile; fileRef = 0CCF75C724EC03BB00794878 /* UIView+ZJExt.m */; };
		0CCF75CC24EC075600794878 /* UIView+ZJGesture.h in Headers */ = {isa = PBXBuildFile; fileRef = 0CCF75CA24EC075600794878 /* UIView+ZJGesture.h */; settings = {ATTRIBUTES = (Public, ); }; };
		0CCF75CD24EC075600794878 /* UIView+ZJGesture.m in Sources */ = {isa = PBXBuildFile; fileRef = 0CCF75CB24EC075600794878 /* UIView+ZJGesture.m */; };
		0CCF75D024EC0CD200794878 /* UIView+ZJFrame.h in Headers */ = {isa = PBXBuildFile; fileRef = 0CCF75CE24EC0CD200794878 /* UIView+ZJFrame.h */; settings = {ATTRIBUTES = (Public, ); }; };
		0CCF75D124EC0CD200794878 /* UIView+ZJFrame.m in Sources */ = {isa = PBXBuildFile; fileRef = 0CCF75CF24EC0CD200794878 /* UIView+ZJFrame.m */; };
		0CCF75D624EC0DAD00794878 /* UIViewController+ZJExt.h in Headers */ = {isa = PBXBuildFile; fileRef = 0CCF75D424EC0DAD00794878 /* UIViewController+ZJExt.h */; settings = {ATTRIBUTES = (Public, ); }; };
		0CCF75D724EC0DAD00794878 /* UIViewController+ZJExt.m in Sources */ = {isa = PBXBuildFile; fileRef = 0CCF75D524EC0DAD00794878 /* UIViewController+ZJExt.m */; };
		0CCF75DA24EC107400794878 /* ZJSystem.h in Headers */ = {isa = PBXBuildFile; fileRef = 0CCF75D824EC107400794878 /* ZJSystem.h */; settings = {ATTRIBUTES = (Public, ); }; };
		0CCF75DB24EC107400794878 /* ZJSystem.m in Sources */ = {isa = PBXBuildFile; fileRef = 0CCF75D924EC107400794878 /* ZJSystem.m */; };
		0CCF75DF24EC125900794878 /* ZJScreen.h in Headers */ = {isa = PBXBuildFile; fileRef = 0CCF75DD24EC125900794878 /* ZJScreen.h */; settings = {ATTRIBUTES = (Public, ); }; };
		0CCF75E024EC125900794878 /* ZJScreen.m in Sources */ = {isa = PBXBuildFile; fileRef = 0CCF75DE24EC125900794878 /* ZJScreen.m */; };
		0CE6F6DE255574E9009CE033 /* ZJBaseUtils.podspec in Resources */ = {isa = PBXBuildFile; fileRef = 0CE6F6DD255574E9009CE033 /* ZJBaseUtils.podspec */; };
		0CFBF56025230CFA00D55386 /* ZJSettingTextFieldItem.h in Headers */ = {isa = PBXBuildFile; fileRef = 0CFBF55E25230CFA00D55386 /* ZJSettingTextFieldItem.h */; settings = {ATTRIBUTES = (Public, ); }; };
		0CFBF56125230CFA00D55386 /* ZJSettingTextFieldItem.m in Sources */ = {isa = PBXBuildFile; fileRef = 0CFBF55F25230CFA00D55386 /* ZJSettingTextFieldItem.m */; };
		0CFBF56B2524785C00D55386 /* ZJSettingTableViewCellExt.h in Headers */ = {isa = PBXBuildFile; fileRef = 0CFBF56A2524785C00D55386 /* ZJSettingTableViewCellExt.h */; };
		0CFBF56E25249A3200D55386 /* ZJSettingRadioItem.m in Sources */ = {isa = PBXBuildFile; fileRef = 0CFBF56C25249A3200D55386 /* ZJSettingRadioItem.m */; };
		0CFBF56F25249A3200D55386 /* ZJSettingRadioItem.h in Headers */ = {isa = PBXBuildFile; fileRef = 0CFBF56D25249A3200D55386 /* ZJSettingRadioItem.h */; settings = {ATTRIBUTES = (Public, ); }; };
		0CFF856F256644FE0000E9C9 /* ZJBaseViewController+Present.m in Sources */ = {isa = PBXBuildFile; fileRef = 0CFF856D256644FD0000E9C9 /* ZJBaseViewController+Present.m */; };
		0CFF8570256644FE0000E9C9 /* ZJBaseViewController+Present.h in Headers */ = {isa = PBXBuildFile; fileRef = 0CFF856E256644FE0000E9C9 /* ZJBaseViewController+Present.h */; };
		0CFF8573256645040000E9C9 /* ZJBaseTableViewController+Present.h in Headers */ = {isa = PBXBuildFile; fileRef = 0CFF8571256645040000E9C9 /* ZJBaseTableViewController+Present.h */; };
		0CFF8574256645040000E9C9 /* ZJBaseTableViewController+Present.m in Sources */ = {isa = PBXBuildFile; fileRef = 0CFF8572256645040000E9C9 /* ZJBaseTableViewController+Present.m */; };
/* End PBXBuildFile section */

/* Begin PBXContainerItemProxy section */
		0C279C5224E2D22F00474649 /* PBXContainerItemProxy */ = {
			isa = PBXContainerItemProxy;
			containerPortal = 0C279C3E24E2D22E00474649 /* Project object */;
			proxyType = 1;
			remoteGlobalIDString = 0C279C4624E2D22E00474649;
			remoteInfo = ZJBaseUtils;
		};
/* End PBXContainerItemProxy section */

/* Begin PBXFileReference section */
		0C279C4724E2D22E00474649 /* ZJBaseUtils.framework */ = {isa = PBXFileReference; explicitFileType = wrapper.framework; includeInIndex = 0; path = ZJBaseUtils.framework; sourceTree = BUILT_PRODUCTS_DIR; };
		0C279C4A24E2D22E00474649 /* ZJBaseUtils.h */ = {isa = PBXFileReference; lastKnownFileType = sourcecode.c.h; path = ZJBaseUtils.h; sourceTree = "<group>"; };
		0C279C4B24E2D22E00474649 /* Info.plist */ = {isa = PBXFileReference; lastKnownFileType = text.plist.xml; path = Info.plist; sourceTree = "<group>"; };
		0C279C5024E2D22F00474649 /* ZJBaseUtilsTests.xctest */ = {isa = PBXFileReference; explicitFileType = wrapper.cfbundle; includeInIndex = 0; path = ZJBaseUtilsTests.xctest; sourceTree = BUILT_PRODUCTS_DIR; };
		0C279C5524E2D22F00474649 /* ZJBaseUtilsTests.m */ = {isa = PBXFileReference; lastKnownFileType = sourcecode.c.objc; path = ZJBaseUtilsTests.m; sourceTree = "<group>"; };
		0C279C5724E2D22F00474649 /* Info.plist */ = {isa = PBXFileReference; lastKnownFileType = text.plist.xml; path = Info.plist; sourceTree = "<group>"; };
		0C4C942A255ED29D008CED51 /* ZJBaseTabBar.h */ = {isa = PBXFileReference; lastKnownFileType = sourcecode.c.h; path = ZJBaseTabBar.h; sourceTree = "<group>"; };
		0C4C942B255ED29D008CED51 /* ZJBaseTabBar.m */ = {isa = PBXFileReference; lastKnownFileType = sourcecode.c.objc; path = ZJBaseTabBar.m; sourceTree = "<group>"; };
		0C4C9430255ED31F008CED51 /* ZJBaseTabBarButton.h */ = {isa = PBXFileReference; lastKnownFileType = sourcecode.c.h; path = ZJBaseTabBarButton.h; sourceTree = "<group>"; };
		0C4C9431255ED31F008CED51 /* ZJBaseTabBarButton.m */ = {isa = PBXFileReference; lastKnownFileType = sourcecode.c.objc; path = ZJBaseTabBarButton.m; sourceTree = "<group>"; };
		0C4C9436255ED351008CED51 /* ZJBaseTabBarController.h */ = {isa = PBXFileReference; lastKnownFileType = sourcecode.c.h; path = ZJBaseTabBarController.h; sourceTree = "<group>"; };
		0C4C9437255ED351008CED51 /* ZJBaseTabBarController.m */ = {isa = PBXFileReference; lastKnownFileType = sourcecode.c.objc; path = ZJBaseTabBarController.m; sourceTree = "<group>"; };
		0C4C94F2255F8038008CED51 /* ZJBaseTarbarItem.m */ = {isa = PBXFileReference; fileEncoding = 4; lastKnownFileType = sourcecode.c.objc; path = ZJBaseTarbarItem.m; sourceTree = "<group>"; };
		0C4C94F3255F8038008CED51 /* ZJBaseTarbarItem.h */ = {isa = PBXFileReference; fileEncoding = 4; lastKnownFileType = sourcecode.c.h; path = ZJBaseTarbarItem.h; sourceTree = "<group>"; };
		0C50B862251E4F0C0032CB2F /* ZJBaseTableViewController.m */ = {isa = PBXFileReference; fileEncoding = 4; lastKnownFileType = sourcecode.c.objc; path = ZJBaseTableViewController.m; sourceTree = "<group>"; };
		0C50B864251E4F0C0032CB2F /* ZJBaseTVConfig.m */ = {isa = PBXFileReference; fileEncoding = 4; lastKnownFileType = sourcecode.c.objc; path = ZJBaseTVConfig.m; sourceTree = "<group>"; };
		0C50B865251E4F0C0032CB2F /* ZJBaseTableViewController.h */ = {isa = PBXFileReference; fileEncoding = 4; lastKnownFileType = sourcecode.c.h; path = ZJBaseTableViewController.h; sourceTree = "<group>"; };
		0C50B868251E4F0C0032CB2F /* ZJSettingSwitchItem.h */ = {isa = PBXFileReference; fileEncoding = 4; lastKnownFileType = sourcecode.c.h; path = ZJSettingSwitchItem.h; sourceTree = "<group>"; };
		0C50B869251E4F0C0032CB2F /* ZJSettingLabelItem.m */ = {isa = PBXFileReference; fileEncoding = 4; lastKnownFileType = sourcecode.c.objc; path = ZJSettingLabelItem.m; sourceTree = "<group>"; };
		0C50B86B251E4F0C0032CB2F /* ZJSettingArrowItem.h */ = {isa = PBXFileReference; fileEncoding = 4; lastKnownFileType = sourcecode.c.h; path = ZJSettingArrowItem.h; sourceTree = "<group>"; };
		0C50B86C251E4F0C0032CB2F /* ZJSettingItemGroup.h */ = {isa = PBXFileReference; fileEncoding = 4; lastKnownFileType = sourcecode.c.h; path = ZJSettingItemGroup.h; sourceTree = "<group>"; };
		0C50B86D251E4F0C0032CB2F /* ZJSettingItem.h */ = {isa = PBXFileReference; fileEncoding = 4; lastKnownFileType = sourcecode.c.h; path = ZJSettingItem.h; sourceTree = "<group>"; };
		0C50B86E251E4F0C0032CB2F /* ZJSettingCustomViewItem.h */ = {isa = PBXFileReference; fileEncoding = 4; lastKnownFileType = sourcecode.c.h; path = ZJSettingCustomViewItem.h; sourceTree = "<group>"; };
		0C50B86F251E4F0C0032CB2F /* ZJSettingSwitchItem.m */ = {isa = PBXFileReference; fileEncoding = 4; lastKnownFileType = sourcecode.c.objc; path = ZJSettingSwitchItem.m; sourceTree = "<group>"; };
		0C50B871251E4F0C0032CB2F /* ZJSettingLabelItem.h */ = {isa = PBXFileReference; fileEncoding = 4; lastKnownFileType = sourcecode.c.h; path = ZJSettingLabelItem.h; sourceTree = "<group>"; };
		0C50B872251E4F0C0032CB2F /* ZJSettingItem.m */ = {isa = PBXFileReference; fileEncoding = 4; lastKnownFileType = sourcecode.c.objc; path = ZJSettingItem.m; sourceTree = "<group>"; };
		0C50B873251E4F0C0032CB2F /* ZJSettingArrowItem.m */ = {isa = PBXFileReference; fileEncoding = 4; lastKnownFileType = sourcecode.c.objc; path = ZJSettingArrowItem.m; sourceTree = "<group>"; };
		0C50B874251E4F0C0032CB2F /* ZJSettingItemGroup.m */ = {isa = PBXFileReference; fileEncoding = 4; lastKnownFileType = sourcecode.c.objc; path = ZJSettingItemGroup.m; sourceTree = "<group>"; };
		0C50B875251E4F0C0032CB2F /* ZJSettingCustomViewItem.m */ = {isa = PBXFileReference; fileEncoding = 4; lastKnownFileType = sourcecode.c.objc; path = ZJSettingCustomViewItem.m; sourceTree = "<group>"; };
		0C50B877251E4F0C0032CB2F /* ZJSettingTableViewCell.h */ = {isa = PBXFileReference; fileEncoding = 4; lastKnownFileType = sourcecode.c.h; path = ZJSettingTableViewCell.h; sourceTree = "<group>"; };
		0C50B878251E4F0C0032CB2F /* ZJSettingTableViewCell.m */ = {isa = PBXFileReference; fileEncoding = 4; lastKnownFileType = sourcecode.c.objc; path = ZJSettingTableViewCell.m; sourceTree = "<group>"; };
		0C50B87A251E4F0C0032CB2F /* ZJBaseTVConfig.h */ = {isa = PBXFileReference; fileEncoding = 4; lastKnownFileType = sourcecode.c.h; path = ZJBaseTVConfig.h; sourceTree = "<group>"; };
		0C50B8AD251E516A0032CB2F /* UIImageView+ZJExt.m */ = {isa = PBXFileReference; fileEncoding = 4; lastKnownFileType = sourcecode.c.objc; path = "UIImageView+ZJExt.m"; sourceTree = "<group>"; };
		0C50B8AE251E516A0032CB2F /* UIImageView+ZJExt.h */ = {isa = PBXFileReference; fileEncoding = 4; lastKnownFileType = sourcecode.c.h; path = "UIImageView+ZJExt.h"; sourceTree = "<group>"; };
		0C50B8C5251E53CC0032CB2F /* ZJError.m */ = {isa = PBXFileReference; fileEncoding = 4; lastKnownFileType = sourcecode.c.objc; path = ZJError.m; sourceTree = "<group>"; };
		0C50B8C6251E53CC0032CB2F /* ZJError.h */ = {isa = PBXFileReference; fileEncoding = 4; lastKnownFileType = sourcecode.c.h; path = ZJError.h; sourceTree = "<group>"; };
		0C50B911251EF53A0032CB2F /* ZJThread.h */ = {isa = PBXFileReference; lastKnownFileType = sourcecode.c.h; path = ZJThread.h; sourceTree = "<group>"; };
		0C50B912251EF53A0032CB2F /* ZJThread.m */ = {isa = PBXFileReference; lastKnownFileType = sourcecode.c.objc; path = ZJThread.m; sourceTree = "<group>"; };
		0C6497282563AE9D0052DBCA /* ZJPHAsset.h */ = {isa = PBXFileReference; lastKnownFileType = sourcecode.c.h; path = ZJPHAsset.h; sourceTree = "<group>"; };
		0C6497292563AE9D0052DBCA /* ZJPHAsset.m */ = {isa = PBXFileReference; lastKnownFileType = sourcecode.c.objc; path = ZJPHAsset.m; sourceTree = "<group>"; };
		0C64972C2563AEC60052DBCA /* PHAsset+ZJExt.h */ = {isa = PBXFileReference; lastKnownFileType = sourcecode.c.h; path = "PHAsset+ZJExt.h"; sourceTree = "<group>"; };
		0C64972D2563AEC60052DBCA /* PHAsset+ZJExt.m */ = {isa = PBXFileReference; lastKnownFileType = sourcecode.c.objc; path = "PHAsset+ZJExt.m"; sourceTree = "<group>"; };
		0C6497302563B37D0052DBCA /* ZJPhoto.h */ = {isa = PBXFileReference; lastKnownFileType = sourcecode.c.h; path = ZJPhoto.h; sourceTree = "<group>"; };
		0C6497312563B37D0052DBCA /* ZJPhoto.m */ = {isa = PBXFileReference; lastKnownFileType = sourcecode.c.objc; path = ZJPhoto.m; sourceTree = "<group>"; };
		0C68EDD42562806400D3CF9F /* ZJBaseTabBarTopLineConfig.h */ = {isa = PBXFileReference; lastKnownFileType = sourcecode.c.h; path = ZJBaseTabBarTopLineConfig.h; sourceTree = "<group>"; };
		0C68EDD52562806400D3CF9F /* ZJBaseTabBarTopLineConfig.m */ = {isa = PBXFileReference; lastKnownFileType = sourcecode.c.objc; path = ZJBaseTabBarTopLineConfig.m; sourceTree = "<group>"; };
		0C7172D42563FB0600950EE5 /* UIImage+ZJGradient.h */ = {isa = PBXFileReference; lastKnownFileType = sourcecode.c.h; path = "UIImage+ZJGradient.h"; sourceTree = "<group>"; };
		0C7172D52563FB0600950EE5 /* UIImage+ZJGradient.m */ = {isa = PBXFileReference; lastKnownFileType = sourcecode.c.objc; path = "UIImage+ZJGradient.m"; sourceTree = "<group>"; };
		0C7172DA2563FE8500950EE5 /* UIButton+ZJGradient.h */ = {isa = PBXFileReference; lastKnownFileType = sourcecode.c.h; path = "UIButton+ZJGradient.h"; sourceTree = "<group>"; };
		0C7172DB2563FE8500950EE5 /* UIButton+ZJGradient.m */ = {isa = PBXFileReference; lastKnownFileType = sourcecode.c.objc; path = "UIButton+ZJGradient.m"; sourceTree = "<group>"; };
		0C720664255BEEE0005789C7 /* ZJBaseTVPrivateData.h */ = {isa = PBXFileReference; lastKnownFileType = sourcecode.c.h; path = ZJBaseTVPrivateData.h; sourceTree = "<group>"; };
		0C720665255BEEE0005789C7 /* ZJBaseTVPrivateData.m */ = {isa = PBXFileReference; lastKnownFileType = sourcecode.c.objc; path = ZJBaseTVPrivateData.m; sourceTree = "<group>"; };
		0C720668255BEFE4005789C7 /* ZJBaseTableView.h */ = {isa = PBXFileReference; lastKnownFileType = sourcecode.c.h; path = ZJBaseTableView.h; sourceTree = "<group>"; };
		0C720669255BEFE4005789C7 /* ZJBaseTableView.m */ = {isa = PBXFileReference; lastKnownFileType = sourcecode.c.objc; path = ZJBaseTableView.m; sourceTree = "<group>"; };
		0C95691A24E2D8FB00C9A6C5 /* ZJSAMKeychain.h */ = {isa = PBXFileReference; fileEncoding = 4; lastKnownFileType = sourcecode.c.h; path = ZJSAMKeychain.h; sourceTree = "<group>"; };
		0C95691B24E2D8FB00C9A6C5 /* ZJSAMKeychain.m */ = {isa = PBXFileReference; fileEncoding = 4; lastKnownFileType = sourcecode.c.objc; path = ZJSAMKeychain.m; sourceTree = "<group>"; };
		0C95693224E2D96900C9A6C5 /* ZJSingleton.h */ = {isa = PBXFileReference; fileEncoding = 4; lastKnownFileType = sourcecode.c.h; path = ZJSingleton.h; sourceTree = "<group>"; };
		0C95693724E2D96900C9A6C5 /* NSDate+ZJExt.h */ = {isa = PBXFileReference; fileEncoding = 4; lastKnownFileType = sourcecode.c.h; path = "NSDate+ZJExt.h"; sourceTree = "<group>"; };
		0C95693824E2D96900C9A6C5 /* NSDate+ZJExt.m */ = {isa = PBXFileReference; fileEncoding = 4; lastKnownFileType = sourcecode.c.objc; path = "NSDate+ZJExt.m"; sourceTree = "<group>"; };
		0C95693A24E2D96900C9A6C5 /* NSArray+ZJExt.m */ = {isa = PBXFileReference; fileEncoding = 4; lastKnownFileType = sourcecode.c.objc; path = "NSArray+ZJExt.m"; sourceTree = "<group>"; };
		0C95693B24E2D96900C9A6C5 /* NSArray+ZJExt.h */ = {isa = PBXFileReference; fileEncoding = 4; lastKnownFileType = sourcecode.c.h; path = "NSArray+ZJExt.h"; sourceTree = "<group>"; };
		0C95695224E2D96900C9A6C5 /* ZJUtilsDef.h */ = {isa = PBXFileReference; fileEncoding = 4; lastKnownFileType = sourcecode.c.h; path = ZJUtilsDef.h; sourceTree = "<group>"; };
		0C95699024E2EF1000C9A6C5 /* NSFileManager+ZJExt.h */ = {isa = PBXFileReference; lastKnownFileType = sourcecode.c.h; path = "NSFileManager+ZJExt.h"; sourceTree = "<group>"; };
		0C95699124E2EF1000C9A6C5 /* NSFileManager+ZJExt.m */ = {isa = PBXFileReference; lastKnownFileType = sourcecode.c.objc; path = "NSFileManager+ZJExt.m"; sourceTree = "<group>"; };
		0C95699524E4257D00C9A6C5 /* NSObject+ZJExt.h */ = {isa = PBXFileReference; lastKnownFileType = sourcecode.c.h; path = "NSObject+ZJExt.h"; sourceTree = "<group>"; };
		0C95699624E4257D00C9A6C5 /* NSObject+ZJExt.m */ = {isa = PBXFileReference; lastKnownFileType = sourcecode.c.objc; path = "NSObject+ZJExt.m"; sourceTree = "<group>"; };
		0C95699A24E42F4100C9A6C5 /* NSString+ZJExt.h */ = {isa = PBXFileReference; lastKnownFileType = sourcecode.c.h; path = "NSString+ZJExt.h"; sourceTree = "<group>"; };
		0C95699B24E42F4100C9A6C5 /* NSString+ZJExt.m */ = {isa = PBXFileReference; lastKnownFileType = sourcecode.c.objc; path = "NSString+ZJExt.m"; sourceTree = "<group>"; };
		0C95699F24E4326D00C9A6C5 /* NSData+ZJExt.h */ = {isa = PBXFileReference; lastKnownFileType = sourcecode.c.h; path = "NSData+ZJExt.h"; sourceTree = "<group>"; };
		0C9569A024E4326D00C9A6C5 /* NSData+ZJExt.m */ = {isa = PBXFileReference; lastKnownFileType = sourcecode.c.objc; path = "NSData+ZJExt.m"; sourceTree = "<group>"; };
		0C9D9A89255F98BE0026C980 /* ZJBaseTBBadge.h */ = {isa = PBXFileReference; lastKnownFileType = sourcecode.c.h; path = ZJBaseTBBadge.h; sourceTree = "<group>"; };
		0C9D9A8A255F98BE0026C980 /* ZJBaseTBBadge.m */ = {isa = PBXFileReference; lastKnownFileType = sourcecode.c.objc; path = ZJBaseTBBadge.m; sourceTree = "<group>"; };
		0C9D9A91255F995D0026C980 /* CAAnimation+ZJExt.h */ = {isa = PBXFileReference; lastKnownFileType = sourcecode.c.h; path = "CAAnimation+ZJExt.h"; sourceTree = "<group>"; };
		0C9D9A92255F995D0026C980 /* CAAnimation+ZJExt.m */ = {isa = PBXFileReference; lastKnownFileType = sourcecode.c.objc; path = "CAAnimation+ZJExt.m"; sourceTree = "<group>"; };
		0C9D9AAB256018110026C980 /* ZJBaseTabBarConfig.h */ = {isa = PBXFileReference; lastKnownFileType = sourcecode.c.h; path = ZJBaseTabBarConfig.h; sourceTree = "<group>"; };
		0C9D9AAC256018110026C980 /* ZJBaseTabBarConfig.m */ = {isa = PBXFileReference; lastKnownFileType = sourcecode.c.objc; path = ZJBaseTabBarConfig.m; sourceTree = "<group>"; };
		0CA02118251F76D200A9F216 /* ZJModel.h */ = {isa = PBXFileReference; lastKnownFileType = sourcecode.c.h; path = ZJModel.h; sourceTree = "<group>"; };
		0CA02119251F76D200A9F216 /* ZJModel.m */ = {isa = PBXFileReference; lastKnownFileType = sourcecode.c.objc; path = ZJModel.m; sourceTree = "<group>"; };
		0CA3ADEA25340907009782ED /* CoreServices.framework */ = {isa = PBXFileReference; lastKnownFileType = wrapper.framework; name = CoreServices.framework; path = System/Library/Frameworks/CoreServices.framework; sourceTree = SDKROOT; };
		0CA3ADFF25357D1A009782ED /* ZJModelFilter.h */ = {isa = PBXFileReference; lastKnownFileType = sourcecode.c.h; path = ZJModelFilter.h; sourceTree = "<group>"; };
		0CA3AE0025357D1A009782ED /* ZJModelFilter.m */ = {isa = PBXFileReference; lastKnownFileType = sourcecode.c.objc; path = ZJModelFilter.m; sourceTree = "<group>"; };
		0CA3AE112535BDE1009782ED /* ZJModelFilterGet.h */ = {isa = PBXFileReference; lastKnownFileType = sourcecode.c.h; path = ZJModelFilterGet.h; sourceTree = "<group>"; };
		0CA3AE122535BDE1009782ED /* ZJModelFilterGet.m */ = {isa = PBXFileReference; lastKnownFileType = sourcecode.c.objc; path = ZJModelFilterGet.m; sourceTree = "<group>"; };
		0CA3AE152535BDEC009782ED /* ZJModelFilterSet.h */ = {isa = PBXFileReference; lastKnownFileType = sourcecode.c.h; path = ZJModelFilterSet.h; sourceTree = "<group>"; };
		0CA3AE162535BDEC009782ED /* ZJModelFilterSet.m */ = {isa = PBXFileReference; lastKnownFileType = sourcecode.c.objc; path = ZJModelFilterSet.m; sourceTree = "<group>"; };
		0CB590AD2515F40E0092E854 /* UIButton+ZJExt.h */ = {isa = PBXFileReference; fileEncoding = 4; lastKnownFileType = sourcecode.c.h; path = "UIButton+ZJExt.h"; sourceTree = "<group>"; };
		0CB590AE2515F40E0092E854 /* UIButton+ZJExt.m */ = {isa = PBXFileReference; fileEncoding = 4; lastKnownFileType = sourcecode.c.objc; path = "UIButton+ZJExt.m"; sourceTree = "<group>"; };
		0CB590BA2515F4680092E854 /* ZJBaseViewController.h */ = {isa = PBXFileReference; fileEncoding = 4; lastKnownFileType = sourcecode.c.h; path = ZJBaseViewController.h; sourceTree = "<group>"; };
		0CB590BB2515F4680092E854 /* ZJBaseViewController.m */ = {isa = PBXFileReference; fileEncoding = 4; lastKnownFileType = sourcecode.c.objc; path = ZJBaseViewController.m; sourceTree = "<group>"; };
		0CB590C82515F5D30092E854 /* NSString+ZJIMGExt.m */ = {isa = PBXFileReference; fileEncoding = 4; lastKnownFileType = sourcecode.c.objc; path = "NSString+ZJIMGExt.m"; sourceTree = "<group>"; };
		0CB590C92515F5D30092E854 /* NSString+ZJIMGExt.h */ = {isa = PBXFileReference; fileEncoding = 4; lastKnownFileType = sourcecode.c.h; path = "NSString+ZJIMGExt.h"; sourceTree = "<group>"; };
		0CB590D72515F71C0092E854 /* ZJBaseNavigationController.m */ = {isa = PBXFileReference; fileEncoding = 4; lastKnownFileType = sourcecode.c.objc; path = ZJBaseNavigationController.m; sourceTree = "<group>"; };
		0CB590D82515F71C0092E854 /* ZJBaseNavigationController.h */ = {isa = PBXFileReference; fileEncoding = 4; lastKnownFileType = sourcecode.c.h; path = ZJBaseNavigationController.h; sourceTree = "<group>"; };
		0CB590FB251601610092E854 /* ZJLocalizationTool.h */ = {isa = PBXFileReference; fileEncoding = 4; lastKnownFileType = sourcecode.c.h; path = ZJLocalizationTool.h; sourceTree = "<group>"; };
		0CB590FC251601610092E854 /* ZJLocalizationTool.m */ = {isa = PBXFileReference; fileEncoding = 4; lastKnownFileType = sourcecode.c.objc; path = ZJLocalizationTool.m; sourceTree = "<group>"; };
		0CC127C6256507C900C33366 /* ZJSystem+WiFi.m */ = {isa = PBXFileReference; fileEncoding = 4; lastKnownFileType = sourcecode.c.objc; path = "ZJSystem+WiFi.m"; sourceTree = "<group>"; };
		0CC127C7256507C900C33366 /* ZJSystem+WiFi.h */ = {isa = PBXFileReference; fileEncoding = 4; lastKnownFileType = sourcecode.c.h; path = "ZJSystem+WiFi.h"; sourceTree = "<group>"; };
		0CC5EFD32539420F0083546A /* ZJModelPairs.h */ = {isa = PBXFileReference; lastKnownFileType = sourcecode.c.h; path = ZJModelPairs.h; sourceTree = "<group>"; };
		0CC5EFD42539420F0083546A /* ZJModelPairs.m */ = {isa = PBXFileReference; lastKnownFileType = sourcecode.c.objc; path = ZJModelPairs.m; sourceTree = "<group>"; };
		0CCF759524E8E71000794878 /* NSString+ZJSHA.h */ = {isa = PBXFileReference; lastKnownFileType = sourcecode.c.h; path = "NSString+ZJSHA.h"; sourceTree = "<group>"; };
		0CCF759624E8E71000794878 /* NSString+ZJSHA.m */ = {isa = PBXFileReference; lastKnownFileType = sourcecode.c.objc; path = "NSString+ZJSHA.m"; sourceTree = "<group>"; };
		0CCF759924E8E8C000794878 /* NSString+ZJRSA.h */ = {isa = PBXFileReference; lastKnownFileType = sourcecode.c.h; path = "NSString+ZJRSA.h"; sourceTree = "<group>"; };
		0CCF759A24E8E8C000794878 /* NSString+ZJRSA.m */ = {isa = PBXFileReference; lastKnownFileType = sourcecode.c.objc; path = "NSString+ZJRSA.m"; sourceTree = "<group>"; };
		0CCF759D24E8EA1700794878 /* NSData+ZJRSA.h */ = {isa = PBXFileReference; lastKnownFileType = sourcecode.c.h; path = "NSData+ZJRSA.h"; sourceTree = "<group>"; };
		0CCF759E24E8EA1700794878 /* NSData+ZJRSA.m */ = {isa = PBXFileReference; lastKnownFileType = sourcecode.c.objc; path = "NSData+ZJRSA.m"; sourceTree = "<group>"; };
		0CCF75A124E9171400794878 /* NSData+ZJAESDES.h */ = {isa = PBXFileReference; lastKnownFileType = sourcecode.c.h; path = "NSData+ZJAESDES.h"; sourceTree = "<group>"; };
		0CCF75A224E9171400794878 /* NSData+ZJAESDES.m */ = {isa = PBXFileReference; lastKnownFileType = sourcecode.c.objc; path = "NSData+ZJAESDES.m"; sourceTree = "<group>"; };
		0CCF75A524E91C3600794878 /* NSString+ZJAESDES.h */ = {isa = PBXFileReference; lastKnownFileType = sourcecode.c.h; path = "NSString+ZJAESDES.h"; sourceTree = "<group>"; };
		0CCF75A624E91C3600794878 /* NSString+ZJAESDES.m */ = {isa = PBXFileReference; lastKnownFileType = sourcecode.c.objc; path = "NSString+ZJAESDES.m"; sourceTree = "<group>"; };
		0CCF75A924E91F7000794878 /* NSString+ZJMD5.h */ = {isa = PBXFileReference; lastKnownFileType = sourcecode.c.h; path = "NSString+ZJMD5.h"; sourceTree = "<group>"; };
		0CCF75AA24E91F7000794878 /* NSString+ZJMD5.m */ = {isa = PBXFileReference; lastKnownFileType = sourcecode.c.objc; path = "NSString+ZJMD5.m"; sourceTree = "<group>"; };
		0CCF75AD24E9221300794878 /* NSString+ZJJSON.h */ = {isa = PBXFileReference; lastKnownFileType = sourcecode.c.h; path = "NSString+ZJJSON.h"; sourceTree = "<group>"; };
		0CCF75AE24E9221300794878 /* NSString+ZJJSON.m */ = {isa = PBXFileReference; lastKnownFileType = sourcecode.c.objc; path = "NSString+ZJJSON.m"; sourceTree = "<group>"; };
		0CCF75B224E9232700794878 /* NSDictionary+ZJExt.h */ = {isa = PBXFileReference; lastKnownFileType = sourcecode.c.h; path = "NSDictionary+ZJExt.h"; sourceTree = "<group>"; };
		0CCF75B324E9232700794878 /* NSDictionary+ZJExt.m */ = {isa = PBXFileReference; lastKnownFileType = sourcecode.c.objc; path = "NSDictionary+ZJExt.m"; sourceTree = "<group>"; };
		0CCF75B724E9238D00794878 /* NSThread+ZJExt.h */ = {isa = PBXFileReference; lastKnownFileType = sourcecode.c.h; path = "NSThread+ZJExt.h"; sourceTree = "<group>"; };
		0CCF75B824E9238D00794878 /* NSThread+ZJExt.m */ = {isa = PBXFileReference; lastKnownFileType = sourcecode.c.objc; path = "NSThread+ZJExt.m"; sourceTree = "<group>"; };
		0CCF75BC24E9285A00794878 /* UIColor+ZJExt.h */ = {isa = PBXFileReference; lastKnownFileType = sourcecode.c.h; path = "UIColor+ZJExt.h"; sourceTree = "<group>"; };
		0CCF75BD24E9285A00794878 /* UIColor+ZJExt.m */ = {isa = PBXFileReference; lastKnownFileType = sourcecode.c.objc; path = "UIColor+ZJExt.m"; sourceTree = "<group>"; };
		0CCF75C124EC00EF00794878 /* UIImage+ZJExt.h */ = {isa = PBXFileReference; lastKnownFileType = sourcecode.c.h; path = "UIImage+ZJExt.h"; sourceTree = "<group>"; };
		0CCF75C224EC00EF00794878 /* UIImage+ZJExt.m */ = {isa = PBXFileReference; lastKnownFileType = sourcecode.c.objc; path = "UIImage+ZJExt.m"; sourceTree = "<group>"; };
		0CCF75C624EC03BB00794878 /* UIView+ZJExt.h */ = {isa = PBXFileReference; lastKnownFileType = sourcecode.c.h; path = "UIView+ZJExt.h"; sourceTree = "<group>"; };
		0CCF75C724EC03BB00794878 /* UIView+ZJExt.m */ = {isa = PBXFileReference; lastKnownFileType = sourcecode.c.objc; path = "UIView+ZJExt.m"; sourceTree = "<group>"; };
		0CCF75CA24EC075600794878 /* UIView+ZJGesture.h */ = {isa = PBXFileReference; lastKnownFileType = sourcecode.c.h; path = "UIView+ZJGesture.h"; sourceTree = "<group>"; };
		0CCF75CB24EC075600794878 /* UIView+ZJGesture.m */ = {isa = PBXFileReference; lastKnownFileType = sourcecode.c.objc; path = "UIView+ZJGesture.m"; sourceTree = "<group>"; };
		0CCF75CE24EC0CD200794878 /* UIView+ZJFrame.h */ = {isa = PBXFileReference; lastKnownFileType = sourcecode.c.h; path = "UIView+ZJFrame.h"; sourceTree = "<group>"; };
		0CCF75CF24EC0CD200794878 /* UIView+ZJFrame.m */ = {isa = PBXFileReference; lastKnownFileType = sourcecode.c.objc; path = "UIView+ZJFrame.m"; sourceTree = "<group>"; };
		0CCF75D424EC0DAD00794878 /* UIViewController+ZJExt.h */ = {isa = PBXFileReference; lastKnownFileType = sourcecode.c.h; path = "UIViewController+ZJExt.h"; sourceTree = "<group>"; };
		0CCF75D524EC0DAD00794878 /* UIViewController+ZJExt.m */ = {isa = PBXFileReference; lastKnownFileType = sourcecode.c.objc; path = "UIViewController+ZJExt.m"; sourceTree = "<group>"; };
		0CCF75D824EC107400794878 /* ZJSystem.h */ = {isa = PBXFileReference; lastKnownFileType = sourcecode.c.h; path = ZJSystem.h; sourceTree = "<group>"; };
		0CCF75D924EC107400794878 /* ZJSystem.m */ = {isa = PBXFileReference; lastKnownFileType = sourcecode.c.objc; path = ZJSystem.m; sourceTree = "<group>"; };
		0CCF75DD24EC125900794878 /* ZJScreen.h */ = {isa = PBXFileReference; lastKnownFileType = sourcecode.c.h; path = ZJScreen.h; sourceTree = "<group>"; };
		0CCF75DE24EC125900794878 /* ZJScreen.m */ = {isa = PBXFileReference; lastKnownFileType = sourcecode.c.objc; path = ZJScreen.m; sourceTree = "<group>"; };
		0CE6F6DD255574E9009CE033 /* ZJBaseUtils.podspec */ = {isa = PBXFileReference; lastKnownFileType = text; path = ZJBaseUtils.podspec; sourceTree = SOURCE_ROOT; };
		0CFBF55E25230CFA00D55386 /* ZJSettingTextFieldItem.h */ = {isa = PBXFileReference; fileEncoding = 4; lastKnownFileType = sourcecode.c.h; path = ZJSettingTextFieldItem.h; sourceTree = "<group>"; };
		0CFBF55F25230CFA00D55386 /* ZJSettingTextFieldItem.m */ = {isa = PBXFileReference; fileEncoding = 4; lastKnownFileType = sourcecode.c.objc; path = ZJSettingTextFieldItem.m; sourceTree = "<group>"; };
		0CFBF56A2524785C00D55386 /* ZJSettingTableViewCellExt.h */ = {isa = PBXFileReference; fileEncoding = 4; lastKnownFileType = sourcecode.c.h; path = ZJSettingTableViewCellExt.h; sourceTree = "<group>"; };
		0CFBF56C25249A3200D55386 /* ZJSettingRadioItem.m */ = {isa = PBXFileReference; fileEncoding = 4; lastKnownFileType = sourcecode.c.objc; path = ZJSettingRadioItem.m; sourceTree = "<group>"; };
		0CFBF56D25249A3200D55386 /* ZJSettingRadioItem.h */ = {isa = PBXFileReference; fileEncoding = 4; lastKnownFileType = sourcecode.c.h; path = ZJSettingRadioItem.h; sourceTree = "<group>"; };
		0CFF856D256644FD0000E9C9 /* ZJBaseViewController+Present.m */ = {isa = PBXFileReference; fileEncoding = 4; lastKnownFileType = sourcecode.c.objc; path = "ZJBaseViewController+Present.m"; sourceTree = "<group>"; };
		0CFF856E256644FE0000E9C9 /* ZJBaseViewController+Present.h */ = {isa = PBXFileReference; fileEncoding = 4; lastKnownFileType = sourcecode.c.h; path = "ZJBaseViewController+Present.h"; sourceTree = "<group>"; };
		0CFF8571256645040000E9C9 /* ZJBaseTableViewController+Present.h */ = {isa = PBXFileReference; fileEncoding = 4; lastKnownFileType = sourcecode.c.h; path = "ZJBaseTableViewController+Present.h"; sourceTree = "<group>"; };
		0CFF8572256645040000E9C9 /* ZJBaseTableViewController+Present.m */ = {isa = PBXFileReference; fileEncoding = 4; lastKnownFileType = sourcecode.c.objc; path = "ZJBaseTableViewController+Present.m"; sourceTree = "<group>"; };
/* End PBXFileReference section */

/* Begin PBXFrameworksBuildPhase section */
		0C279C4424E2D22E00474649 /* Frameworks */ = {
			isa = PBXFrameworksBuildPhase;
			buildActionMask = 2147483647;
			files = (
				0CA3ADEB25340907009782ED /* CoreServices.framework in Frameworks */,
			);
			runOnlyForDeploymentPostprocessing = 0;
		};
		0C279C4D24E2D22F00474649 /* Frameworks */ = {
			isa = PBXFrameworksBuildPhase;
			buildActionMask = 2147483647;
			files = (
				0C279C5124E2D22F00474649 /* ZJBaseUtils.framework in Frameworks */,
			);
			runOnlyForDeploymentPostprocessing = 0;
		};
/* End PBXFrameworksBuildPhase section */

/* Begin PBXGroup section */
		0C279C3D24E2D22E00474649 = {
			isa = PBXGroup;
			children = (
				0C279C4924E2D22E00474649 /* ZJBaseUtils */,
				0C279C5424E2D22F00474649 /* ZJBaseUtilsTests */,
				0C279C4824E2D22E00474649 /* Products */,
				0CA3ADE925340907009782ED /* Frameworks */,
			);
			sourceTree = "<group>";
		};
		0C279C4824E2D22E00474649 /* Products */ = {
			isa = PBXGroup;
			children = (
				0C279C4724E2D22E00474649 /* ZJBaseUtils.framework */,
				0C279C5024E2D22F00474649 /* ZJBaseUtilsTests.xctest */,
			);
			name = Products;
			sourceTree = "<group>";
		};
		0C279C4924E2D22E00474649 /* ZJBaseUtils */ = {
			isa = PBXGroup;
			children = (
				0C6497272563ADF10052DBCA /* PHPhoto */,
				0C9D9A90255F994B0026C980 /* CAAnimation */,
				0C4C9428255ED264008CED51 /* ZJBaseTabBarController */,
				0CA02117251F765600A9F216 /* ZJModel */,
				0C50B8B5251E52430032CB2F /* ZJBaseViewController */,
				0C50B861251E4F0C0032CB2F /* ZJBaseTableViewController */,
				0CB590D62515F71C0092E854 /* ZJBaseNavigationController */,
				0CB590AC2515F40E0092E854 /* Button */,
				0CCF75DC24EC124000794878 /* Screen */,
				0CCF75D324EC0D9800794878 /* UIViewController */,
				0CCF75C524EC03A500794878 /* UIView */,
				0CCF75C024EC00DE00794878 /* UIImage */,
				0CCF75BB24E9284500794878 /* UIColor */,
				0CCF75B624E9237A00794878 /* NSThread */,
				0CCF75B124E9231700794878 /* NSDictionary */,
				0C95699E24E4325500C9A6C5 /* NSData */,
				0C95699924E42F2A00C9A6C5 /* NSString */,
				0C95699424E4256800C9A6C5 /* NSObject */,
				0C95698F24E2EED300C9A6C5 /* NSFileManager */,
				0C95693924E2D96900C9A6C5 /* NSArray */,
				0C95693624E2D96900C9A6C5 /* NSDate */,
				0C95691924E2D8FB00C9A6C5 /* Device */,
				0C50B8AC251E516A0032CB2F /* UIImageView */,
				0C279C4A24E2D22E00474649 /* ZJBaseUtils.h */,
				0C95693224E2D96900C9A6C5 /* ZJSingleton.h */,
				0C95695224E2D96900C9A6C5 /* ZJUtilsDef.h */,
				0C279C4B24E2D22E00474649 /* Info.plist */,
				0CE6F6DD255574E9009CE033 /* ZJBaseUtils.podspec */,
			);
			path = ZJBaseUtils;
			sourceTree = "<group>";
		};
		0C279C5424E2D22F00474649 /* ZJBaseUtilsTests */ = {
			isa = PBXGroup;
			children = (
				0C279C5524E2D22F00474649 /* ZJBaseUtilsTests.m */,
				0C279C5724E2D22F00474649 /* Info.plist */,
			);
			path = ZJBaseUtilsTests;
			sourceTree = "<group>";
		};
		0C4C9428255ED264008CED51 /* ZJBaseTabBarController */ = {
			isa = PBXGroup;
			children = (
				0C4C94F3255F8038008CED51 /* ZJBaseTarbarItem.h */,
				0C4C94F2255F8038008CED51 /* ZJBaseTarbarItem.m */,
				0C4C942A255ED29D008CED51 /* ZJBaseTabBar.h */,
				0C4C942B255ED29D008CED51 /* ZJBaseTabBar.m */,
				0C4C9430255ED31F008CED51 /* ZJBaseTabBarButton.h */,
				0C4C9431255ED31F008CED51 /* ZJBaseTabBarButton.m */,
				0C4C9436255ED351008CED51 /* ZJBaseTabBarController.h */,
				0C4C9437255ED351008CED51 /* ZJBaseTabBarController.m */,
				0C9D9A89255F98BE0026C980 /* ZJBaseTBBadge.h */,
				0C9D9A8A255F98BE0026C980 /* ZJBaseTBBadge.m */,
				0C9D9AAB256018110026C980 /* ZJBaseTabBarConfig.h */,
				0C9D9AAC256018110026C980 /* ZJBaseTabBarConfig.m */,
				0C68EDD42562806400D3CF9F /* ZJBaseTabBarTopLineConfig.h */,
				0C68EDD52562806400D3CF9F /* ZJBaseTabBarTopLineConfig.m */,
			);
			path = ZJBaseTabBarController;
			sourceTree = "<group>";
		};
		0C50B861251E4F0C0032CB2F /* ZJBaseTableViewController */ = {
			isa = PBXGroup;
			children = (
				0CFF8571256645040000E9C9 /* ZJBaseTableViewController+Present.h */,
				0CFF8572256645040000E9C9 /* ZJBaseTableViewController+Present.m */,
				0C50B865251E4F0C0032CB2F /* ZJBaseTableViewController.h */,
				0C50B862251E4F0C0032CB2F /* ZJBaseTableViewController.m */,
				0C50B867251E4F0C0032CB2F /* Model */,
				0C50B876251E4F0C0032CB2F /* View */,
				0C50B87A251E4F0C0032CB2F /* ZJBaseTVConfig.h */,
				0C50B864251E4F0C0032CB2F /* ZJBaseTVConfig.m */,
				0C720664255BEEE0005789C7 /* ZJBaseTVPrivateData.h */,
				0C720665255BEEE0005789C7 /* ZJBaseTVPrivateData.m */,
			);
			path = ZJBaseTableViewController;
			sourceTree = "<group>";
		};
		0C50B867251E4F0C0032CB2F /* Model */ = {
			isa = PBXGroup;
			children = (
				0C50B86C251E4F0C0032CB2F /* ZJSettingItemGroup.h */,
				0C50B874251E4F0C0032CB2F /* ZJSettingItemGroup.m */,
				0C50B86D251E4F0C0032CB2F /* ZJSettingItem.h */,
				0C50B872251E4F0C0032CB2F /* ZJSettingItem.m */,
				0C50B86B251E4F0C0032CB2F /* ZJSettingArrowItem.h */,
				0C50B873251E4F0C0032CB2F /* ZJSettingArrowItem.m */,
				0C50B871251E4F0C0032CB2F /* ZJSettingLabelItem.h */,
				0C50B869251E4F0C0032CB2F /* ZJSettingLabelItem.m */,
				0C50B868251E4F0C0032CB2F /* ZJSettingSwitchItem.h */,
				0C50B86F251E4F0C0032CB2F /* ZJSettingSwitchItem.m */,
				0CFBF55E25230CFA00D55386 /* ZJSettingTextFieldItem.h */,
				0CFBF55F25230CFA00D55386 /* ZJSettingTextFieldItem.m */,
				0C50B86E251E4F0C0032CB2F /* ZJSettingCustomViewItem.h */,
				0C50B875251E4F0C0032CB2F /* ZJSettingCustomViewItem.m */,
				0CFBF56D25249A3200D55386 /* ZJSettingRadioItem.h */,
				0CFBF56C25249A3200D55386 /* ZJSettingRadioItem.m */,
			);
			path = Model;
			sourceTree = "<group>";
		};
		0C50B876251E4F0C0032CB2F /* View */ = {
			isa = PBXGroup;
			children = (
				0CFBF56A2524785C00D55386 /* ZJSettingTableViewCellExt.h */,
				0C50B877251E4F0C0032CB2F /* ZJSettingTableViewCell.h */,
				0C50B878251E4F0C0032CB2F /* ZJSettingTableViewCell.m */,
				0C720668255BEFE4005789C7 /* ZJBaseTableView.h */,
				0C720669255BEFE4005789C7 /* ZJBaseTableView.m */,
			);
			path = View;
			sourceTree = "<group>";
		};
		0C50B8AC251E516A0032CB2F /* UIImageView */ = {
			isa = PBXGroup;
			children = (
				0C50B8AE251E516A0032CB2F /* UIImageView+ZJExt.h */,
				0C50B8AD251E516A0032CB2F /* UIImageView+ZJExt.m */,
			);
			path = UIImageView;
			sourceTree = "<group>";
		};
		0C50B8B5251E52430032CB2F /* ZJBaseViewController */ = {
			isa = PBXGroup;
			children = (
				0CB590BA2515F4680092E854 /* ZJBaseViewController.h */,
				0CB590BB2515F4680092E854 /* ZJBaseViewController.m */,
				0CFF856E256644FE0000E9C9 /* ZJBaseViewController+Present.h */,
				0CFF856D256644FD0000E9C9 /* ZJBaseViewController+Present.m */,
			);
			path = ZJBaseViewController;
			sourceTree = "<group>";
		};
		0C6497272563ADF10052DBCA /* PHPhoto */ = {
			isa = PBXGroup;
			children = (
				0C6497282563AE9D0052DBCA /* ZJPHAsset.h */,
				0C6497292563AE9D0052DBCA /* ZJPHAsset.m */,
				0C64972C2563AEC60052DBCA /* PHAsset+ZJExt.h */,
				0C64972D2563AEC60052DBCA /* PHAsset+ZJExt.m */,
				0C6497302563B37D0052DBCA /* ZJPhoto.h */,
				0C6497312563B37D0052DBCA /* ZJPhoto.m */,
			);
			path = PHPhoto;
			sourceTree = "<group>";
		};
		0C95691924E2D8FB00C9A6C5 /* Device */ = {
			isa = PBXGroup;
			children = (
				0C95691A24E2D8FB00C9A6C5 /* ZJSAMKeychain.h */,
				0C95691B24E2D8FB00C9A6C5 /* ZJSAMKeychain.m */,
				0CCF75D824EC107400794878 /* ZJSystem.h */,
				0CCF75D924EC107400794878 /* ZJSystem.m */,
				0CB590FB251601610092E854 /* ZJLocalizationTool.h */,
				0CB590FC251601610092E854 /* ZJLocalizationTool.m */,
				0C50B8C6251E53CC0032CB2F /* ZJError.h */,
				0C50B8C5251E53CC0032CB2F /* ZJError.m */,
				0CC127C7256507C900C33366 /* ZJSystem+WiFi.h */,
				0CC127C6256507C900C33366 /* ZJSystem+WiFi.m */,
			);
			path = Device;
			sourceTree = "<group>";
		};
		0C95693624E2D96900C9A6C5 /* NSDate */ = {
			isa = PBXGroup;
			children = (
				0C95693724E2D96900C9A6C5 /* NSDate+ZJExt.h */,
				0C95693824E2D96900C9A6C5 /* NSDate+ZJExt.m */,
			);
			path = NSDate;
			sourceTree = "<group>";
		};
		0C95693924E2D96900C9A6C5 /* NSArray */ = {
			isa = PBXGroup;
			children = (
				0C95693B24E2D96900C9A6C5 /* NSArray+ZJExt.h */,
				0C95693A24E2D96900C9A6C5 /* NSArray+ZJExt.m */,
			);
			path = NSArray;
			sourceTree = "<group>";
		};
		0C95698F24E2EED300C9A6C5 /* NSFileManager */ = {
			isa = PBXGroup;
			children = (
				0C95699024E2EF1000C9A6C5 /* NSFileManager+ZJExt.h */,
				0C95699124E2EF1000C9A6C5 /* NSFileManager+ZJExt.m */,
			);
			path = NSFileManager;
			sourceTree = "<group>";
		};
		0C95699424E4256800C9A6C5 /* NSObject */ = {
			isa = PBXGroup;
			children = (
				0C95699524E4257D00C9A6C5 /* NSObject+ZJExt.h */,
				0C95699624E4257D00C9A6C5 /* NSObject+ZJExt.m */,
			);
			path = NSObject;
			sourceTree = "<group>";
		};
		0C95699924E42F2A00C9A6C5 /* NSString */ = {
			isa = PBXGroup;
			children = (
				0CB590C92515F5D30092E854 /* NSString+ZJIMGExt.h */,
				0CB590C82515F5D30092E854 /* NSString+ZJIMGExt.m */,
				0C95699A24E42F4100C9A6C5 /* NSString+ZJExt.h */,
				0C95699B24E42F4100C9A6C5 /* NSString+ZJExt.m */,
				0CCF759524E8E71000794878 /* NSString+ZJSHA.h */,
				0CCF759624E8E71000794878 /* NSString+ZJSHA.m */,
				0CCF759924E8E8C000794878 /* NSString+ZJRSA.h */,
				0CCF759A24E8E8C000794878 /* NSString+ZJRSA.m */,
				0CCF75A524E91C3600794878 /* NSString+ZJAESDES.h */,
				0CCF75A624E91C3600794878 /* NSString+ZJAESDES.m */,
				0CCF75A924E91F7000794878 /* NSString+ZJMD5.h */,
				0CCF75AA24E91F7000794878 /* NSString+ZJMD5.m */,
				0CCF75AD24E9221300794878 /* NSString+ZJJSON.h */,
				0CCF75AE24E9221300794878 /* NSString+ZJJSON.m */,
			);
			path = NSString;
			sourceTree = "<group>";
		};
		0C95699E24E4325500C9A6C5 /* NSData */ = {
			isa = PBXGroup;
			children = (
				0C95699F24E4326D00C9A6C5 /* NSData+ZJExt.h */,
				0C9569A024E4326D00C9A6C5 /* NSData+ZJExt.m */,
				0CCF759D24E8EA1700794878 /* NSData+ZJRSA.h */,
				0CCF759E24E8EA1700794878 /* NSData+ZJRSA.m */,
				0CCF75A124E9171400794878 /* NSData+ZJAESDES.h */,
				0CCF75A224E9171400794878 /* NSData+ZJAESDES.m */,
			);
			path = NSData;
			sourceTree = "<group>";
		};
		0C9D9A90255F994B0026C980 /* CAAnimation */ = {
			isa = PBXGroup;
			children = (
				0C9D9A91255F995D0026C980 /* CAAnimation+ZJExt.h */,
				0C9D9A92255F995D0026C980 /* CAAnimation+ZJExt.m */,
			);
			path = CAAnimation;
			sourceTree = "<group>";
		};
		0CA02117251F765600A9F216 /* ZJModel */ = {
			isa = PBXGroup;
			children = (
				0CA02118251F76D200A9F216 /* ZJModel.h */,
				0CA02119251F76D200A9F216 /* ZJModel.m */,
				0CA3ADFF25357D1A009782ED /* ZJModelFilter.h */,
				0CA3AE0025357D1A009782ED /* ZJModelFilter.m */,
				0CA3AE112535BDE1009782ED /* ZJModelFilterGet.h */,
				0CA3AE122535BDE1009782ED /* ZJModelFilterGet.m */,
				0CA3AE152535BDEC009782ED /* ZJModelFilterSet.h */,
				0CA3AE162535BDEC009782ED /* ZJModelFilterSet.m */,
				0CC5EFD32539420F0083546A /* ZJModelPairs.h */,
				0CC5EFD42539420F0083546A /* ZJModelPairs.m */,
			);
			path = ZJModel;
			sourceTree = "<group>";
		};
		0CA3ADE925340907009782ED /* Frameworks */ = {
			isa = PBXGroup;
			children = (
				0CA3ADEA25340907009782ED /* CoreServices.framework */,
			);
			name = Frameworks;
			sourceTree = "<group>";
		};
		0CB590AC2515F40E0092E854 /* Button */ = {
			isa = PBXGroup;
			children = (
				0CB590AD2515F40E0092E854 /* UIButton+ZJExt.h */,
				0CB590AE2515F40E0092E854 /* UIButton+ZJExt.m */,
				0C7172DA2563FE8500950EE5 /* UIButton+ZJGradient.h */,
				0C7172DB2563FE8500950EE5 /* UIButton+ZJGradient.m */,
			);
			path = Button;
			sourceTree = "<group>";
		};
		0CB590D62515F71C0092E854 /* ZJBaseNavigationController */ = {
			isa = PBXGroup;
			children = (
				0CB590D82515F71C0092E854 /* ZJBaseNavigationController.h */,
				0CB590D72515F71C0092E854 /* ZJBaseNavigationController.m */,
			);
			path = ZJBaseNavigationController;
			sourceTree = "<group>";
		};
		0CCF75B124E9231700794878 /* NSDictionary */ = {
			isa = PBXGroup;
			children = (
				0CCF75B224E9232700794878 /* NSDictionary+ZJExt.h */,
				0CCF75B324E9232700794878 /* NSDictionary+ZJExt.m */,
			);
			path = NSDictionary;
			sourceTree = "<group>";
		};
		0CCF75B624E9237A00794878 /* NSThread */ = {
			isa = PBXGroup;
			children = (
				0CCF75B724E9238D00794878 /* NSThread+ZJExt.h */,
				0CCF75B824E9238D00794878 /* NSThread+ZJExt.m */,
				0C50B911251EF53A0032CB2F /* ZJThread.h */,
				0C50B912251EF53A0032CB2F /* ZJThread.m */,
			);
			path = NSThread;
			sourceTree = "<group>";
		};
		0CCF75BB24E9284500794878 /* UIColor */ = {
			isa = PBXGroup;
			children = (
				0CCF75BC24E9285A00794878 /* UIColor+ZJExt.h */,
				0CCF75BD24E9285A00794878 /* UIColor+ZJExt.m */,
			);
			path = UIColor;
			sourceTree = "<group>";
		};
		0CCF75C024EC00DE00794878 /* UIImage */ = {
			isa = PBXGroup;
			children = (
				0CCF75C124EC00EF00794878 /* UIImage+ZJExt.h */,
				0CCF75C224EC00EF00794878 /* UIImage+ZJExt.m */,
				0C7172D42563FB0600950EE5 /* UIImage+ZJGradient.h */,
				0C7172D52563FB0600950EE5 /* UIImage+ZJGradient.m */,
			);
			path = UIImage;
			sourceTree = "<group>";
		};
		0CCF75C524EC03A500794878 /* UIView */ = {
			isa = PBXGroup;
			children = (
				0CCF75C624EC03BB00794878 /* UIView+ZJExt.h */,
				0CCF75C724EC03BB00794878 /* UIView+ZJExt.m */,
				0CCF75CA24EC075600794878 /* UIView+ZJGesture.h */,
				0CCF75CB24EC075600794878 /* UIView+ZJGesture.m */,
				0CCF75CE24EC0CD200794878 /* UIView+ZJFrame.h */,
				0CCF75CF24EC0CD200794878 /* UIView+ZJFrame.m */,
			);
			path = UIView;
			sourceTree = "<group>";
		};
		0CCF75D324EC0D9800794878 /* UIViewController */ = {
			isa = PBXGroup;
			children = (
				0CCF75D424EC0DAD00794878 /* UIViewController+ZJExt.h */,
				0CCF75D524EC0DAD00794878 /* UIViewController+ZJExt.m */,
			);
			path = UIViewController;
			sourceTree = "<group>";
		};
		0CCF75DC24EC124000794878 /* Screen */ = {
			isa = PBXGroup;
			children = (
				0CCF75DD24EC125900794878 /* ZJScreen.h */,
				0CCF75DE24EC125900794878 /* ZJScreen.m */,
			);
			path = Screen;
			sourceTree = "<group>";
		};
/* End PBXGroup section */

/* Begin PBXHeadersBuildPhase section */
		0C279C4224E2D22E00474649 /* Headers */ = {
			isa = PBXHeadersBuildPhase;
			buildActionMask = 2147483647;
			files = (
				0C68EDD62562806400D3CF9F /* ZJBaseTabBarTopLineConfig.h in Headers */,
				0C9D9A93255F995D0026C980 /* CAAnimation+ZJExt.h in Headers */,
				0C9D9AAD256018110026C980 /* ZJBaseTabBarConfig.h in Headers */,
				0C720666255BEEE0005789C7 /* ZJBaseTVPrivateData.h in Headers */,
				0CA3AE132535BDE1009782ED /* ZJModelFilterGet.h in Headers */,
				0CA3AE0125357D1A009782ED /* ZJModelFilter.h in Headers */,
				0CC5EFD52539420F0083546A /* ZJModelPairs.h in Headers */,
				0CA3AE172535BDEC009782ED /* ZJModelFilterSet.h in Headers */,
				0CFF8570256644FE0000E9C9 /* ZJBaseViewController+Present.h in Headers */,
				0CFBF56F25249A3200D55386 /* ZJSettingRadioItem.h in Headers */,
				0CFBF56B2524785C00D55386 /* ZJSettingTableViewCellExt.h in Headers */,
				0CFBF56025230CFA00D55386 /* ZJSettingTextFieldItem.h in Headers */,
				0CA0211A251F76D200A9F216 /* ZJModel.h in Headers */,
				0C50B913251EF53A0032CB2F /* ZJThread.h in Headers */,
				0C50B8B0251E516A0032CB2F /* UIImageView+ZJExt.h in Headers */,
				0CB590FD251601610092E854 /* ZJLocalizationTool.h in Headers */,
				0CB590DA2515F71C0092E854 /* ZJBaseNavigationController.h in Headers */,
				0CB590CB2515F5D30092E854 /* NSString+ZJIMGExt.h in Headers */,
				0CCF759724E8E71000794878 /* NSString+ZJSHA.h in Headers */,
				0CCF75DF24EC125900794878 /* ZJScreen.h in Headers */,
				0CCF75A324E9171400794878 /* NSData+ZJAESDES.h in Headers */,
				0CB590AF2515F40E0092E854 /* UIButton+ZJExt.h in Headers */,
				0CCF75D024EC0CD200794878 /* UIView+ZJFrame.h in Headers */,
				0C95697324E2D96A00C9A6C5 /* NSArray+ZJExt.h in Headers */,
				0CCF759F24E8EA1700794878 /* NSData+ZJRSA.h in Headers */,
				0CCF75DA24EC107400794878 /* ZJSystem.h in Headers */,
				0CCF75C324EC00EF00794878 /* UIImage+ZJExt.h in Headers */,
				0CCF75D624EC0DAD00794878 /* UIViewController+ZJExt.h in Headers */,
				0C95696D24E2D96A00C9A6C5 /* ZJSingleton.h in Headers */,
				0C95699224E2EF1000C9A6C5 /* NSFileManager+ZJExt.h in Headers */,
				0C9569A124E4326D00C9A6C5 /* NSData+ZJExt.h in Headers */,
				0CCF759B24E8E8C000794878 /* NSString+ZJRSA.h in Headers */,
				0CCF75AF24E9221300794878 /* NSString+ZJJSON.h in Headers */,
				0CCF75B424E9232700794878 /* NSDictionary+ZJExt.h in Headers */,
				0CCF75B924E9238D00794878 /* NSThread+ZJExt.h in Headers */,
				0C95699C24E42F4100C9A6C5 /* NSString+ZJExt.h in Headers */,
				0CB590BC2515F4680092E854 /* ZJBaseViewController.h in Headers */,
				0C95698624E2D96A00C9A6C5 /* ZJUtilsDef.h in Headers */,
				0C50B885251E4F0C0032CB2F /* ZJSettingItem.h in Headers */,
				0C50B88E251E4F0C0032CB2F /* ZJSettingTableViewCell.h in Headers */,
				0C95699724E4257D00C9A6C5 /* NSObject+ZJExt.h in Headers */,
				0C50B880251E4F0C0032CB2F /* ZJSettingSwitchItem.h in Headers */,
				0CCF75CC24EC075600794878 /* UIView+ZJGesture.h in Headers */,
				0C50B886251E4F0C0032CB2F /* ZJSettingCustomViewItem.h in Headers */,
				0C95697024E2D96A00C9A6C5 /* NSDate+ZJExt.h in Headers */,
				0C50B883251E4F0C0032CB2F /* ZJSettingArrowItem.h in Headers */,
				0CCF75BE24E9285A00794878 /* UIColor+ZJExt.h in Headers */,
				0C50B87E251E4F0C0032CB2F /* ZJBaseTableViewController.h in Headers */,
				0CC127C9256507C900C33366 /* ZJSystem+WiFi.h in Headers */,
				0CCF75C824EC03BB00794878 /* UIView+ZJExt.h in Headers */,
				0C50B889251E4F0C0032CB2F /* ZJSettingLabelItem.h in Headers */,
				0C72066A255BEFE4005789C7 /* ZJBaseTableView.h in Headers */,
				0CFF8573256645040000E9C9 /* ZJBaseTableViewController+Present.h in Headers */,
				0C4C942C255ED29D008CED51 /* ZJBaseTabBar.h in Headers */,
				0C4C9432255ED31F008CED51 /* ZJBaseTabBarButton.h in Headers */,
				0C50B884251E4F0C0032CB2F /* ZJSettingItemGroup.h in Headers */,
				0C4C9438255ED351008CED51 /* ZJBaseTabBarController.h in Headers */,
				0C64972A2563AE9D0052DBCA /* ZJPHAsset.h in Headers */,
				0C50B8C8251E53CC0032CB2F /* ZJError.h in Headers */,
				0C6497322563B37D0052DBCA /* ZJPhoto.h in Headers */,
				0C4C94F5255F8038008CED51 /* ZJBaseTarbarItem.h in Headers */,
				0C50B891251E4F0C0032CB2F /* ZJBaseTVConfig.h in Headers */,
				0C7172DC2563FE8500950EE5 /* UIButton+ZJGradient.h in Headers */,
				0C64972E2563AEC60052DBCA /* PHAsset+ZJExt.h in Headers */,
				0C7172D62563FB0600950EE5 /* UIImage+ZJGradient.h in Headers */,
				0C9D9A8B255F98BE0026C980 /* ZJBaseTBBadge.h in Headers */,
				0CCF75A724E91C3600794878 /* NSString+ZJAESDES.h in Headers */,
				0CCF75AB24E91F7000794878 /* NSString+ZJMD5.h in Headers */,
				0C95691C24E2D8FB00C9A6C5 /* ZJSAMKeychain.h in Headers */,
				0C279C5824E2D22F00474649 /* ZJBaseUtils.h in Headers */,
			);
			runOnlyForDeploymentPostprocessing = 0;
		};
/* End PBXHeadersBuildPhase section */

/* Begin PBXNativeTarget section */
		0C279C4624E2D22E00474649 /* ZJBaseUtils */ = {
			isa = PBXNativeTarget;
			buildConfigurationList = 0C279C5B24E2D22F00474649 /* Build configuration list for PBXNativeTarget "ZJBaseUtils" */;
			buildPhases = (
				0C279C4224E2D22E00474649 /* Headers */,
				0C279C4324E2D22E00474649 /* Sources */,
				0C279C4424E2D22E00474649 /* Frameworks */,
				0C279C4524E2D22E00474649 /* Resources */,
			);
			buildRules = (
			);
			dependencies = (
			);
			name = ZJBaseUtils;
			productName = ZJBaseUtils;
			productReference = 0C279C4724E2D22E00474649 /* ZJBaseUtils.framework */;
			productType = "com.apple.product-type.framework";
		};
		0C279C4F24E2D22F00474649 /* ZJBaseUtilsTests */ = {
			isa = PBXNativeTarget;
			buildConfigurationList = 0C279C5E24E2D22F00474649 /* Build configuration list for PBXNativeTarget "ZJBaseUtilsTests" */;
			buildPhases = (
				0C279C4C24E2D22F00474649 /* Sources */,
				0C279C4D24E2D22F00474649 /* Frameworks */,
				0C279C4E24E2D22F00474649 /* Resources */,
			);
			buildRules = (
			);
			dependencies = (
				0C279C5324E2D22F00474649 /* PBXTargetDependency */,
			);
			name = ZJBaseUtilsTests;
			productName = ZJBaseUtilsTests;
			productReference = 0C279C5024E2D22F00474649 /* ZJBaseUtilsTests.xctest */;
			productType = "com.apple.product-type.bundle.unit-test";
		};
/* End PBXNativeTarget section */

/* Begin PBXProject section */
		0C279C3E24E2D22E00474649 /* Project object */ = {
			isa = PBXProject;
			attributes = {
				CLASSPREFIX = ZJ;
				LastUpgradeCheck = 1200;
				ORGANIZATIONNAME = ZJ;
				TargetAttributes = {
					0C279C4624E2D22E00474649 = {
						CreatedOnToolsVersion = 11.6;
						LastSwiftMigration = 1220;
					};
					0C279C4F24E2D22F00474649 = {
						CreatedOnToolsVersion = 11.6;
					};
				};
			};
			buildConfigurationList = 0C279C4124E2D22E00474649 /* Build configuration list for PBXProject "ZJBaseUtils" */;
			compatibilityVersion = "Xcode 9.3";
			developmentRegion = en;
			hasScannedForEncodings = 0;
			knownRegions = (
				en,
				Base,
			);
			mainGroup = 0C279C3D24E2D22E00474649;
			productRefGroup = 0C279C4824E2D22E00474649 /* Products */;
			projectDirPath = "";
			projectRoot = "";
			targets = (
				0C279C4624E2D22E00474649 /* ZJBaseUtils */,
				0C279C4F24E2D22F00474649 /* ZJBaseUtilsTests */,
			);
		};
/* End PBXProject section */

/* Begin PBXResourcesBuildPhase section */
		0C279C4524E2D22E00474649 /* Resources */ = {
			isa = PBXResourcesBuildPhase;
			buildActionMask = 2147483647;
			files = (
				0CE6F6DE255574E9009CE033 /* ZJBaseUtils.podspec in Resources */,
			);
			runOnlyForDeploymentPostprocessing = 0;
		};
		0C279C4E24E2D22F00474649 /* Resources */ = {
			isa = PBXResourcesBuildPhase;
			buildActionMask = 2147483647;
			files = (
			);
			runOnlyForDeploymentPostprocessing = 0;
		};
/* End PBXResourcesBuildPhase section */

/* Begin PBXSourcesBuildPhase section */
		0C279C4324E2D22E00474649 /* Sources */ = {
			isa = PBXSourcesBuildPhase;
			buildActionMask = 2147483647;
			files = (
				0C50B88D251E4F0C0032CB2F /* ZJSettingCustomViewItem.m in Sources */,
				0CA0211B251F76D200A9F216 /* ZJModel.m in Sources */,
				0CFBF56E25249A3200D55386 /* ZJSettingRadioItem.m in Sources */,
				0CCF75CD24EC075600794878 /* UIView+ZJGesture.m in Sources */,
				0CA3AE182535BDEC009782ED /* ZJModelFilterSet.m in Sources */,
				0C64972B2563AE9D0052DBCA /* ZJPHAsset.m in Sources */,
				0C50B914251EF53A0032CB2F /* ZJThread.m in Sources */,
				0CFF856F256644FE0000E9C9 /* ZJBaseViewController+Present.m in Sources */,
				0C4C9433255ED31F008CED51 /* ZJBaseTabBarButton.m in Sources */,
				0CCF75E024EC125900794878 /* ZJScreen.m in Sources */,
				0C50B88F251E4F0C0032CB2F /* ZJSettingTableViewCell.m in Sources */,
				0CA3AE0225357D1A009782ED /* ZJModelFilter.m in Sources */,
				0CC5EFD62539420F0083546A /* ZJModelPairs.m in Sources */,
				0C95699324E2EF1000C9A6C5 /* NSFileManager+ZJExt.m in Sources */,
				0CB590B02515F40E0092E854 /* UIButton+ZJExt.m in Sources */,
				0C7172DD2563FE8500950EE5 /* UIButton+ZJGradient.m in Sources */,
				0CCF75C424EC00EF00794878 /* UIImage+ZJExt.m in Sources */,
				0C50B87B251E4F0C0032CB2F /* ZJBaseTableViewController.m in Sources */,
				0CCF75A424E9171400794878 /* NSData+ZJAESDES.m in Sources */,
				0C50B8C7251E53CC0032CB2F /* ZJError.m in Sources */,
				0CCF75A824E91C3600794878 /* NSString+ZJAESDES.m in Sources */,
				0C50B88A251E4F0C0032CB2F /* ZJSettingItem.m in Sources */,
				0C95697124E2D96A00C9A6C5 /* NSDate+ZJExt.m in Sources */,
				0C4C942D255ED29D008CED51 /* ZJBaseTabBar.m in Sources */,
				0CCF75BA24E9238D00794878 /* NSThread+ZJExt.m in Sources */,
				0CB590BD2515F4680092E854 /* ZJBaseViewController.m in Sources */,
				0C4C9439255ED351008CED51 /* ZJBaseTabBarController.m in Sources */,
				0CCF75DB24EC107400794878 /* ZJSystem.m in Sources */,
				0C95699824E4257D00C9A6C5 /* NSObject+ZJExt.m in Sources */,
				0CCF75B024E9221300794878 /* NSString+ZJJSON.m in Sources */,
				0C95699D24E42F4100C9A6C5 /* NSString+ZJExt.m in Sources */,
				0C7172D72563FB0600950EE5 /* UIImage+ZJGradient.m in Sources */,
				0CB590FE251601610092E854 /* ZJLocalizationTool.m in Sources */,
				0CC127C8256507C900C33366 /* ZJSystem+WiFi.m in Sources */,
				0CB590CA2515F5D30092E854 /* NSString+ZJIMGExt.m in Sources */,
				0CFF8574256645040000E9C9 /* ZJBaseTableViewController+Present.m in Sources */,
				0C6497332563B37D0052DBCA /* ZJPhoto.m in Sources */,
				0C50B88C251E4F0C0032CB2F /* ZJSettingItemGroup.m in Sources */,
				0C720667255BEEE0005789C7 /* ZJBaseTVPrivateData.m in Sources */,
				0CCF75AC24E91F7000794878 /* NSString+ZJMD5.m in Sources */,
				0C9D9AAE256018110026C980 /* ZJBaseTabBarConfig.m in Sources */,
				0C4C94F4255F8038008CED51 /* ZJBaseTarbarItem.m in Sources */,
				0C72066B255BEFE4005789C7 /* ZJBaseTableView.m in Sources */,
				0C95697224E2D96A00C9A6C5 /* NSArray+ZJExt.m in Sources */,
				0CCF75A024E8EA1700794878 /* NSData+ZJRSA.m in Sources */,
				0CCF759C24E8E8C000794878 /* NSString+ZJRSA.m in Sources */,
				0C50B88B251E4F0C0032CB2F /* ZJSettingArrowItem.m in Sources */,
				0C9D9A8C255F98BE0026C980 /* ZJBaseTBBadge.m in Sources */,
				0CFBF56125230CFA00D55386 /* ZJSettingTextFieldItem.m in Sources */,
				0CCF75D724EC0DAD00794878 /* UIViewController+ZJExt.m in Sources */,
				0C50B8AF251E516A0032CB2F /* UIImageView+ZJExt.m in Sources */,
				0CCF75C924EC03BB00794878 /* UIView+ZJExt.m in Sources */,
				0C9D9A94255F995D0026C980 /* CAAnimation+ZJExt.m in Sources */,
				0C9569A224E4326D00C9A6C5 /* NSData+ZJExt.m in Sources */,
				0CCF759824E8E71000794878 /* NSString+ZJSHA.m in Sources */,
				0C95691D24E2D8FB00C9A6C5 /* ZJSAMKeychain.m in Sources */,
				0CCF75B524E9232700794878 /* NSDictionary+ZJExt.m in Sources */,
				0C68EDD72562806400D3CF9F /* ZJBaseTabBarTopLineConfig.m in Sources */,
				0CA3AE142535BDE1009782ED /* ZJModelFilterGet.m in Sources */,
				0C50B887251E4F0C0032CB2F /* ZJSettingSwitchItem.m in Sources */,
				0C64972F2563AEC60052DBCA /* PHAsset+ZJExt.m in Sources */,
				0C50B881251E4F0C0032CB2F /* ZJSettingLabelItem.m in Sources */,
				0CB590D92515F71C0092E854 /* ZJBaseNavigationController.m in Sources */,
				0C50B87D251E4F0C0032CB2F /* ZJBaseTVConfig.m in Sources */,
				0CCF75BF24E9285A00794878 /* UIColor+ZJExt.m in Sources */,
				0CCF75D124EC0CD200794878 /* UIView+ZJFrame.m in Sources */,
			);
			runOnlyForDeploymentPostprocessing = 0;
		};
		0C279C4C24E2D22F00474649 /* Sources */ = {
			isa = PBXSourcesBuildPhase;
			buildActionMask = 2147483647;
			files = (
				0C279C5624E2D22F00474649 /* ZJBaseUtilsTests.m in Sources */,
			);
			runOnlyForDeploymentPostprocessing = 0;
		};
/* End PBXSourcesBuildPhase section */

/* Begin PBXTargetDependency section */
		0C279C5324E2D22F00474649 /* PBXTargetDependency */ = {
			isa = PBXTargetDependency;
			target = 0C279C4624E2D22E00474649 /* ZJBaseUtils */;
			targetProxy = 0C279C5224E2D22F00474649 /* PBXContainerItemProxy */;
		};
/* End PBXTargetDependency section */

/* Begin XCBuildConfiguration section */
		0C279C5924E2D22F00474649 /* Debug */ = {
			isa = XCBuildConfiguration;
			buildSettings = {
				ALWAYS_SEARCH_USER_PATHS = NO;
				CLANG_ANALYZER_NONNULL = YES;
				CLANG_ANALYZER_NUMBER_OBJECT_CONVERSION = YES_AGGRESSIVE;
				CLANG_CXX_LANGUAGE_STANDARD = "gnu++14";
				CLANG_CXX_LIBRARY = "libc++";
				CLANG_ENABLE_MODULES = YES;
				CLANG_ENABLE_OBJC_ARC = YES;
				CLANG_ENABLE_OBJC_WEAK = YES;
				CLANG_WARN_BLOCK_CAPTURE_AUTORELEASING = YES;
				CLANG_WARN_BOOL_CONVERSION = YES;
				CLANG_WARN_COMMA = YES;
				CLANG_WARN_CONSTANT_CONVERSION = YES;
				CLANG_WARN_DEPRECATED_OBJC_IMPLEMENTATIONS = YES;
				CLANG_WARN_DIRECT_OBJC_ISA_USAGE = YES_ERROR;
				CLANG_WARN_DOCUMENTATION_COMMENTS = YES;
				CLANG_WARN_EMPTY_BODY = YES;
				CLANG_WARN_ENUM_CONVERSION = YES;
				CLANG_WARN_INFINITE_RECURSION = YES;
				CLANG_WARN_INT_CONVERSION = YES;
				CLANG_WARN_NON_LITERAL_NULL_CONVERSION = YES;
				CLANG_WARN_OBJC_IMPLICIT_RETAIN_SELF = YES;
				CLANG_WARN_OBJC_LITERAL_CONVERSION = YES;
				CLANG_WARN_OBJC_ROOT_CLASS = YES_ERROR;
				CLANG_WARN_QUOTED_INCLUDE_IN_FRAMEWORK_HEADER = YES;
				CLANG_WARN_RANGE_LOOP_ANALYSIS = YES;
				CLANG_WARN_STRICT_PROTOTYPES = YES;
				CLANG_WARN_SUSPICIOUS_MOVE = YES;
				CLANG_WARN_UNGUARDED_AVAILABILITY = YES_AGGRESSIVE;
				CLANG_WARN_UNREACHABLE_CODE = YES;
				CLANG_WARN__DUPLICATE_METHOD_MATCH = YES;
				COPY_PHASE_STRIP = NO;
				CURRENT_PROJECT_VERSION = 1;
				DEBUG_INFORMATION_FORMAT = dwarf;
				ENABLE_STRICT_OBJC_MSGSEND = YES;
				ENABLE_TESTABILITY = YES;
				GCC_C_LANGUAGE_STANDARD = gnu11;
				GCC_DYNAMIC_NO_PIC = NO;
				GCC_NO_COMMON_BLOCKS = YES;
				GCC_OPTIMIZATION_LEVEL = 0;
				GCC_PREPROCESSOR_DEFINITIONS = (
					"DEBUG=1",
					"$(inherited)",
				);
				GCC_WARN_64_TO_32_BIT_CONVERSION = YES;
				GCC_WARN_ABOUT_RETURN_TYPE = YES_ERROR;
				GCC_WARN_UNDECLARED_SELECTOR = YES;
				GCC_WARN_UNINITIALIZED_AUTOS = YES_AGGRESSIVE;
				GCC_WARN_UNUSED_FUNCTION = YES;
				GCC_WARN_UNUSED_VARIABLE = YES;
				IPHONEOS_DEPLOYMENT_TARGET = 13.7;
				MTL_ENABLE_DEBUG_INFO = INCLUDE_SOURCE;
				MTL_FAST_MATH = YES;
				ONLY_ACTIVE_ARCH = YES;
				SDKROOT = iphoneos;
				VERSIONING_SYSTEM = "apple-generic";
				VERSION_INFO_PREFIX = "";
			};
			name = Debug;
		};
		0C279C5A24E2D22F00474649 /* Release */ = {
			isa = XCBuildConfiguration;
			buildSettings = {
				ALWAYS_SEARCH_USER_PATHS = NO;
				CLANG_ANALYZER_NONNULL = YES;
				CLANG_ANALYZER_NUMBER_OBJECT_CONVERSION = YES_AGGRESSIVE;
				CLANG_CXX_LANGUAGE_STANDARD = "gnu++14";
				CLANG_CXX_LIBRARY = "libc++";
				CLANG_ENABLE_MODULES = YES;
				CLANG_ENABLE_OBJC_ARC = YES;
				CLANG_ENABLE_OBJC_WEAK = YES;
				CLANG_WARN_BLOCK_CAPTURE_AUTORELEASING = YES;
				CLANG_WARN_BOOL_CONVERSION = YES;
				CLANG_WARN_COMMA = YES;
				CLANG_WARN_CONSTANT_CONVERSION = YES;
				CLANG_WARN_DEPRECATED_OBJC_IMPLEMENTATIONS = YES;
				CLANG_WARN_DIRECT_OBJC_ISA_USAGE = YES_ERROR;
				CLANG_WARN_DOCUMENTATION_COMMENTS = YES;
				CLANG_WARN_EMPTY_BODY = YES;
				CLANG_WARN_ENUM_CONVERSION = YES;
				CLANG_WARN_INFINITE_RECURSION = YES;
				CLANG_WARN_INT_CONVERSION = YES;
				CLANG_WARN_NON_LITERAL_NULL_CONVERSION = YES;
				CLANG_WARN_OBJC_IMPLICIT_RETAIN_SELF = YES;
				CLANG_WARN_OBJC_LITERAL_CONVERSION = YES;
				CLANG_WARN_OBJC_ROOT_CLASS = YES_ERROR;
				CLANG_WARN_QUOTED_INCLUDE_IN_FRAMEWORK_HEADER = YES;
				CLANG_WARN_RANGE_LOOP_ANALYSIS = YES;
				CLANG_WARN_STRICT_PROTOTYPES = YES;
				CLANG_WARN_SUSPICIOUS_MOVE = YES;
				CLANG_WARN_UNGUARDED_AVAILABILITY = YES_AGGRESSIVE;
				CLANG_WARN_UNREACHABLE_CODE = YES;
				CLANG_WARN__DUPLICATE_METHOD_MATCH = YES;
				COPY_PHASE_STRIP = NO;
				CURRENT_PROJECT_VERSION = 1;
				DEBUG_INFORMATION_FORMAT = "dwarf-with-dsym";
				ENABLE_NS_ASSERTIONS = NO;
				ENABLE_STRICT_OBJC_MSGSEND = YES;
				GCC_C_LANGUAGE_STANDARD = gnu11;
				GCC_NO_COMMON_BLOCKS = YES;
				GCC_WARN_64_TO_32_BIT_CONVERSION = YES;
				GCC_WARN_ABOUT_RETURN_TYPE = YES_ERROR;
				GCC_WARN_UNDECLARED_SELECTOR = YES;
				GCC_WARN_UNINITIALIZED_AUTOS = YES_AGGRESSIVE;
				GCC_WARN_UNUSED_FUNCTION = YES;
				GCC_WARN_UNUSED_VARIABLE = YES;
				IPHONEOS_DEPLOYMENT_TARGET = 13.7;
				MTL_ENABLE_DEBUG_INFO = NO;
				MTL_FAST_MATH = YES;
				SDKROOT = iphoneos;
				VALIDATE_PRODUCT = YES;
				VERSIONING_SYSTEM = "apple-generic";
				VERSION_INFO_PREFIX = "";
			};
			name = Release;
		};
		0C279C5C24E2D22F00474649 /* Debug */ = {
			isa = XCBuildConfiguration;
			buildSettings = {
				CLANG_ENABLE_MODULES = YES;
				CODE_SIGN_STYLE = Automatic;
				DEFINES_MODULE = YES;
				DYLIB_COMPATIBILITY_VERSION = 1;
				DYLIB_CURRENT_VERSION = 1;
				DYLIB_INSTALL_NAME_BASE = "@rpath";
				INFOPLIST_FILE = ZJBaseUtils/Info.plist;
				INSTALL_PATH = "$(LOCAL_LIBRARY_DIR)/Frameworks";
				IPHONEOS_DEPLOYMENT_TARGET = 8.0;
				LD_RUNPATH_SEARCH_PATHS = (
					"$(inherited)",
					"@executable_path/Frameworks",
					"@loader_path/Frameworks",
				);
				MARKETING_VERSION = 1.0.1;
				PRODUCT_BUNDLE_IDENTIFIER = org.eafy.ZJBaseUtils;
				PRODUCT_NAME = "$(TARGET_NAME:c99extidentifier)";
				SKIP_INSTALL = YES;
				SUPPORTS_MACCATALYST = NO;
				SWIFT_OPTIMIZATION_LEVEL = "-Onone";
				SWIFT_VERSION = 5.0;
				TARGETED_DEVICE_FAMILY = "1,2";
			};
			name = Debug;
		};
		0C279C5D24E2D22F00474649 /* Release */ = {
			isa = XCBuildConfiguration;
			buildSettings = {
				CLANG_ENABLE_MODULES = YES;
				CODE_SIGN_STYLE = Automatic;
				DEFINES_MODULE = YES;
				DYLIB_COMPATIBILITY_VERSION = 1;
				DYLIB_CURRENT_VERSION = 1;
				DYLIB_INSTALL_NAME_BASE = "@rpath";
				INFOPLIST_FILE = ZJBaseUtils/Info.plist;
				INSTALL_PATH = "$(LOCAL_LIBRARY_DIR)/Frameworks";
				IPHONEOS_DEPLOYMENT_TARGET = 8.0;
				LD_RUNPATH_SEARCH_PATHS = (
					"$(inherited)",
					"@executable_path/Frameworks",
					"@loader_path/Frameworks",
				);
				MARKETING_VERSION = 1.0.1;
				PRODUCT_BUNDLE_IDENTIFIER = org.eafy.ZJBaseUtils;
				PRODUCT_NAME = "$(TARGET_NAME:c99extidentifier)";
				SKIP_INSTALL = YES;
				SUPPORTS_MACCATALYST = NO;
				SWIFT_VERSION = 5.0;
				TARGETED_DEVICE_FAMILY = "1,2";
			};
			name = Release;
		};
		0C279C5F24E2D22F00474649 /* Debug */ = {
			isa = XCBuildConfiguration;
			buildSettings = {
				CODE_SIGN_STYLE = Automatic;
				INFOPLIST_FILE = ZJBaseUtilsTests/Info.plist;
				LD_RUNPATH_SEARCH_PATHS = (
					"$(inherited)",
					"@executable_path/Frameworks",
					"@loader_path/Frameworks",
				);
				PRODUCT_BUNDLE_IDENTIFIER = org.eafy.ZJBaseUtilsTests;
				PRODUCT_NAME = "$(TARGET_NAME)";
				TARGETED_DEVICE_FAMILY = "1,2";
			};
			name = Debug;
		};
		0C279C6024E2D22F00474649 /* Release */ = {
			isa = XCBuildConfiguration;
			buildSettings = {
				CODE_SIGN_STYLE = Automatic;
				INFOPLIST_FILE = ZJBaseUtilsTests/Info.plist;
				LD_RUNPATH_SEARCH_PATHS = (
					"$(inherited)",
					"@executable_path/Frameworks",
					"@loader_path/Frameworks",
				);
				PRODUCT_BUNDLE_IDENTIFIER = org.eafy.ZJBaseUtilsTests;
				PRODUCT_NAME = "$(TARGET_NAME)";
				TARGETED_DEVICE_FAMILY = "1,2";
			};
			name = Release;
		};
/* End XCBuildConfiguration section */

/* Begin XCConfigurationList section */
		0C279C4124E2D22E00474649 /* Build configuration list for PBXProject "ZJBaseUtils" */ = {
			isa = XCConfigurationList;
			buildConfigurations = (
				0C279C5924E2D22F00474649 /* Debug */,
				0C279C5A24E2D22F00474649 /* Release */,
			);
			defaultConfigurationIsVisible = 0;
			defaultConfigurationName = Release;
		};
		0C279C5B24E2D22F00474649 /* Build configuration list for PBXNativeTarget "ZJBaseUtils" */ = {
			isa = XCConfigurationList;
			buildConfigurations = (
				0C279C5C24E2D22F00474649 /* Debug */,
				0C279C5D24E2D22F00474649 /* Release */,
			);
			defaultConfigurationIsVisible = 0;
			defaultConfigurationName = Release;
		};
		0C279C5E24E2D22F00474649 /* Build configuration list for PBXNativeTarget "ZJBaseUtilsTests" */ = {
			isa = XCConfigurationList;
			buildConfigurations = (
				0C279C5F24E2D22F00474649 /* Debug */,
				0C279C6024E2D22F00474649 /* Release */,
			);
			defaultConfigurationIsVisible = 0;
			defaultConfigurationName = Release;
		};
/* End XCConfigurationList section */
	};
	rootObject = 0C279C3E24E2D22E00474649 /* Project object */;
}
